// !$*UTF8*$!
{
	archiveVersion = 1;
	classes = {
	};
	objectVersion = 46;
	objects = {

/* Begin PBXBuildFile section */
		7708CEEC1D4E1F2B00B2FE94 /* CIMG4202.JPG in Resources */ = {isa = PBXBuildFile; fileRef = 7708CEE51D4E1F2B00B2FE94 /* CIMG4202.JPG */; };
		7708CEED1D4E1F2B00B2FE94 /* 寮.JPG in Resources */ = {isa = PBXBuildFile; fileRef = 7708CEE61D4E1F2B00B2FE94 /* 寮.JPG */; };
		7708CEEE1D4E1F2B00B2FE94 /* CIMG4204.JPG in Resources */ = {isa = PBXBuildFile; fileRef = 7708CEE71D4E1F2B00B2FE94 /* CIMG4204.JPG */; };
		7708CEEF1D4E1F2B00B2FE94 /* 寮門前.JPG in Resources */ = {isa = PBXBuildFile; fileRef = 7708CEE81D4E1F2B00B2FE94 /* 寮門前.JPG */; };
		7708CEF01D4E1F2B00B2FE94 /* CIMG4206.JPG in Resources */ = {isa = PBXBuildFile; fileRef = 7708CEE91D4E1F2B00B2FE94 /* CIMG4206.JPG */; };
		7708CEF11D4E1F2B00B2FE94 /* 食堂前.JPG in Resources */ = {isa = PBXBuildFile; fileRef = 7708CEEA1D4E1F2B00B2FE94 /* 食堂前.JPG */; };
		7708CEF21D4E1F2B00B2FE94 /* CIMG4208.JPG in Resources */ = {isa = PBXBuildFile; fileRef = 7708CEEB1D4E1F2B00B2FE94 /* CIMG4208.JPG */; };
		7708CEF41D4E2DBA00B2FE94 /* コモンスペース1.JPG in Resources */ = {isa = PBXBuildFile; fileRef = 7708CEF31D4E2DBA00B2FE94 /* コモンスペース1.JPG */; };
		7714D2B71D5730B000CF348D /* c7f06ee3.jpg in Resources */ = {isa = PBXBuildFile; fileRef = 7714D2B61D5730B000CF348D /* c7f06ee3.jpg */; };
		7714D2B91D57385500CF348D /* スクリーンショット 2016-08-07 18.34.53.png in Resources */ = {isa = PBXBuildFile; fileRef = 7714D2B81D57385500CF348D /* スクリーンショット 2016-08-07 18.34.53.png */; };
		7714D2BB1D573DD500CF348D /* icon_027123_256.jpg in Resources */ = {isa = PBXBuildFile; fileRef = 7714D2BA1D573DD500CF348D /* icon_027123_256.jpg */; };
		7714D2BD1D573E9F00CF348D /* icon_002751_256.jpg in Resources */ = {isa = PBXBuildFile; fileRef = 7714D2BC1D573E9F00CF348D /* icon_002751_256.jpg */; };
		7737B6341D289DB100E36C3E /* 6方面-2.jpg in Resources */ = {isa = PBXBuildFile; fileRef = 7737B5B81D289DB000E36C3E /* 6方面-2.jpg */; };
		7737B6351D289DB100E36C3E /* 6方面-3.jpg in Resources */ = {isa = PBXBuildFile; fileRef = 7737B5B91D289DB000E36C3E /* 6方面-3.jpg */; };
		7737B6361D289DB100E36C3E /* 6方面.jpg in Resources */ = {isa = PBXBuildFile; fileRef = 7737B5BA1D289DB000E36C3E /* 6方面.jpg */; };
		7737B6371D289DB100E36C3E /* 第一体育館.JPG in Resources */ = {isa = PBXBuildFile; fileRef = 7737B5BB1D289DB000E36C3E /* 第一体育館.JPG */; };
		7737B6381D289DB100E36C3E /* 第一体育館-2.JPG in Resources */ = {isa = PBXBuildFile; fileRef = 7737B5BC1D289DB000E36C3E /* 第一体育館-2.JPG */; };
		7737B6391D289DB100E36C3E /* 第一体育館-3.JPG in Resources */ = {isa = PBXBuildFile; fileRef = 7737B5BD1D289DB000E36C3E /* 第一体育館-3.JPG */; };
		7737B63A1D289DB100E36C3E /* 第一体育館-４.JPG in Resources */ = {isa = PBXBuildFile; fileRef = 7737B5BE1D289DB000E36C3E /* 第一体育館-４.JPG */; };
		7737B63B1D289DB100E36C3E /* 第一体育館-５.JPG in Resources */ = {isa = PBXBuildFile; fileRef = 7737B5BF1D289DB000E36C3E /* 第一体育館-５.JPG */; };
		7737B63C1D289DB100E36C3E /* ピット.JPG in Resources */ = {isa = PBXBuildFile; fileRef = 7737B5C01D289DB000E36C3E /* ピット.JPG */; };
		7737B63D1D289DB100E36C3E /* 第二体育館.JPG in Resources */ = {isa = PBXBuildFile; fileRef = 7737B5C11D289DB000E36C3E /* 第二体育館.JPG */; };
		7737B63E1D289DB100E36C3E /* 第二体育館-2.JPG in Resources */ = {isa = PBXBuildFile; fileRef = 7737B5C21D289DB000E36C3E /* 第二体育館-2.JPG */; };
		7737B63F1D289DB100E36C3E /* 第二体育館-3.JPG in Resources */ = {isa = PBXBuildFile; fileRef = 7737B5C31D289DB000E36C3E /* 第二体育館-3.JPG */; };
		7737B6401D289DB100E36C3E /* トレーナー室.JPG in Resources */ = {isa = PBXBuildFile; fileRef = 7737B5C41D289DB000E36C3E /* トレーナー室.JPG */; };
		7737B6411D289DB100E36C3E /* ショーケース.JPG in Resources */ = {isa = PBXBuildFile; fileRef = 7737B5C51D289DB000E36C3E /* ショーケース.JPG */; };
		7737B6421D289DB100E36C3E /* ショーケース.JPG in Resources */ = {isa = PBXBuildFile; fileRef = 7737B5C61D289DB000E36C3E /* ショーケース.JPG */; };
		7737B6431D289DB100E36C3E /* 電気釜.JPG in Resources */ = {isa = PBXBuildFile; fileRef = 7737B5C71D289DB000E36C3E /* 電気釜.JPG */; };
		7737B6441D289DB100E36C3E /* 電気釜.JPG in Resources */ = {isa = PBXBuildFile; fileRef = 7737B5C81D289DB000E36C3E /* 電気釜.JPG */; };
		7737B6451D289DB100E36C3E /* 第二美術室.JPG in Resources */ = {isa = PBXBuildFile; fileRef = 7737B5C91D289DB000E36C3E /* 第二美術室.JPG */; };
		7737B6461D289DB100E36C3E /* コモンスペース１.JPG in Resources */ = {isa = PBXBuildFile; fileRef = 7737B5CA1D289DB000E36C3E /* コモンスペース１.JPG */; };
		7737B6471D289DB100E36C3E /* コモンスペース.JPG in Resources */ = {isa = PBXBuildFile; fileRef = 7737B5CB1D289DB000E36C3E /* コモンスペース.JPG */; };
		7737B6481D289DB100E36C3E /* コモンスペース２.JPG in Resources */ = {isa = PBXBuildFile; fileRef = 7737B5CC1D289DB000E36C3E /* コモンスペース２.JPG */; };
		7737B6491D289DB100E36C3E /* コモンスペース２-2.JPG in Resources */ = {isa = PBXBuildFile; fileRef = 7737B5CD1D289DB000E36C3E /* コモンスペース２-2.JPG */; };
		7737B64A1D289DB100E36C3E /* CIMG3987.JPG in Resources */ = {isa = PBXBuildFile; fileRef = 7737B5CE1D289DB000E36C3E /* CIMG3987.JPG */; };
		7737B64B1D289DB100E36C3E /* 高校職員室前.JPG in Resources */ = {isa = PBXBuildFile; fileRef = 7737B5CF1D289DB000E36C3E /* 高校職員室前.JPG */; };
		7737B64C1D289DB100E36C3E /* 陶芸.JPG in Resources */ = {isa = PBXBuildFile; fileRef = 7737B5D01D289DB000E36C3E /* 陶芸.JPG */; };
		7737B64D1D289DB100E36C3E /* 陶芸-2.JPG in Resources */ = {isa = PBXBuildFile; fileRef = 7737B5D11D289DB000E36C3E /* 陶芸-2.JPG */; };
		7737B64E1D289DB100E36C3E /* 陶芸-3.JPG in Resources */ = {isa = PBXBuildFile; fileRef = 7737B5D21D289DB000E36C3E /* 陶芸-3.JPG */; };
		7737B64F1D289DB100E36C3E /* 巻物.JPG in Resources */ = {isa = PBXBuildFile; fileRef = 7737B5D31D289DB000E36C3E /* 巻物.JPG */; };
		7737B6501D289DB100E36C3E /* 二人の天使.JPG in Resources */ = {isa = PBXBuildFile; fileRef = 7737B5D41D289DB000E36C3E /* 二人の天使.JPG */; };
		7737B6511D289DB100E36C3E /* 二人の天使-2.JPG in Resources */ = {isa = PBXBuildFile; fileRef = 7737B5D51D289DB000E36C3E /* 二人の天使-2.JPG */; };
		7737B6521D289DB100E36C3E /* トイレ.JPG in Resources */ = {isa = PBXBuildFile; fileRef = 7737B5D61D289DB000E36C3E /* トイレ.JPG */; };
		7737B6531D289DB100E36C3E /* トイレ中.JPG in Resources */ = {isa = PBXBuildFile; fileRef = 7737B5D71D289DB000E36C3E /* トイレ中.JPG */; };
		7737B6541D289DB100E36C3E /* 生物実験室.JPG in Resources */ = {isa = PBXBuildFile; fileRef = 7737B5D81D289DB000E36C3E /* 生物実験室.JPG */; };
		7737B6551D289DB100E36C3E /* 顕微鏡.JPG in Resources */ = {isa = PBXBuildFile; fileRef = 7737B5D91D289DB000E36C3E /* 顕微鏡.JPG */; };
		7737B6561D289DB100E36C3E /* シラバス.JPG in Resources */ = {isa = PBXBuildFile; fileRef = 7737B5DA1D289DB000E36C3E /* シラバス.JPG */; };
		7737B6571D289DB100E36C3E /* 個人研.JPG in Resources */ = {isa = PBXBuildFile; fileRef = 7737B5DB1D289DB000E36C3E /* 個人研.JPG */; };
		7737B6581D289DB100E36C3E /* 個人研.JPG in Resources */ = {isa = PBXBuildFile; fileRef = 7737B5DC1D289DB000E36C3E /* 個人研.JPG */; };
		7737B6591D289DB100E36C3E /* 進路資料室.JPG in Resources */ = {isa = PBXBuildFile; fileRef = 7737B5DD1D289DB000E36C3E /* 進路資料室.JPG */; };
		7737B65A1D289DB100E36C3E /* 大教室前絵画.JPG in Resources */ = {isa = PBXBuildFile; fileRef = 7737B5DE1D289DB000E36C3E /* 大教室前絵画.JPG */; };
		7737B65B1D289DB100E36C3E /* 大教室前絵画.JPG in Resources */ = {isa = PBXBuildFile; fileRef = 7737B5DF1D289DB000E36C3E /* 大教室前絵画.JPG */; };
		7737B65C1D289DB100E36C3E /* 図書室.−１JPG in Resources */ = {isa = PBXBuildFile; fileRef = 7737B5E01D289DB000E36C3E /* 図書室.−１JPG */; };
		7737B65D1D289DB100E36C3E /* 図書室.JPG in Resources */ = {isa = PBXBuildFile; fileRef = 7737B5E11D289DB000E36C3E /* 図書室.JPG */; };
		7737B65E1D289DB100E36C3E /* 交流校.jpg in Resources */ = {isa = PBXBuildFile; fileRef = 7737B5E21D289DB000E36C3E /* 交流校.jpg */; };
		7737B65F1D289DB100E36C3E /* 交流校.JPG in Resources */ = {isa = PBXBuildFile; fileRef = 7737B5E31D289DB000E36C3E /* 交流校.JPG */; };
		7737B6601D289DB100E36C3E /* 星出さん.JPG in Resources */ = {isa = PBXBuildFile; fileRef = 7737B5E41D289DB000E36C3E /* 星出さん.JPG */; };
		7737B6611D289DB100E36C3E /* 星出さん.JPG in Resources */ = {isa = PBXBuildFile; fileRef = 7737B5E51D289DB000E36C3E /* 星出さん.JPG */; };
		7737B6621D289DB100E36C3E /* 星出さん.JPG in Resources */ = {isa = PBXBuildFile; fileRef = 7737B5E61D289DB000E36C3E /* 星出さん.JPG */; };
		7737B6631D289DB100E36C3E /* 岩窟の天使.JPG in Resources */ = {isa = PBXBuildFile; fileRef = 7737B5E71D289DB000E36C3E /* 岩窟の天使.JPG */; };
		7737B6641D289DB100E36C3E /* 岩窟の天使.JPG in Resources */ = {isa = PBXBuildFile; fileRef = 7737B5E81D289DB000E36C3E /* 岩窟の天使.JPG */; };
		7737B6651D289DB100E36C3E /* 石像.JPG in Resources */ = {isa = PBXBuildFile; fileRef = 7737B5E91D289DB000E36C3E /* 石像.JPG */; };
		7737B6661D289DB100E36C3E /* CIMG4015.JPG in Resources */ = {isa = PBXBuildFile; fileRef = 7737B5EA1D289DB000E36C3E /* CIMG4015.JPG */; };
		7737B6671D289DB100E36C3E /* CIMG4016.JPG in Resources */ = {isa = PBXBuildFile; fileRef = 7737B5EB1D289DB000E36C3E /* CIMG4016.JPG */; };
		7737B6681D289DB100E36C3E /* CIMG4017.JPG in Resources */ = {isa = PBXBuildFile; fileRef = 7737B5EC1D289DB000E36C3E /* CIMG4017.JPG */; };
		7737B6691D289DB100E36C3E /* 101教室.JPG in Resources */ = {isa = PBXBuildFile; fileRef = 7737B5ED1D289DB000E36C3E /* 101教室.JPG */; };
		7737B66A1D289DB100E36C3E /* 書道室.JPG in Resources */ = {isa = PBXBuildFile; fileRef = 7737B5EE1D289DB000E36C3E /* 書道室.JPG */; };
		7737B66B1D289DB100E36C3E /* CIMG4020.JPG in Resources */ = {isa = PBXBuildFile; fileRef = 7737B5EF1D289DB000E36C3E /* CIMG4020.JPG */; };
		7737B66C1D289DB100E36C3E /* 顕微鏡.JPG in Resources */ = {isa = PBXBuildFile; fileRef = 7737B5F01D289DB000E36C3E /* 顕微鏡.JPG */; };
		7737B66D1D289DB100E36C3E /* 生物室の機械.JPG in Resources */ = {isa = PBXBuildFile; fileRef = 7737B5F11D289DB000E36C3E /* 生物室の機械.JPG */; };
		7737B66E1D289DB100E36C3E /* 生物室の機械-1.JPG in Resources */ = {isa = PBXBuildFile; fileRef = 7737B5F21D289DB000E36C3E /* 生物室の機械-1.JPG */; };
		7737B66F1D289DB100E36C3E /* 生物室廊下.JPG in Resources */ = {isa = PBXBuildFile; fileRef = 7737B5F31D289DB000E36C3E /* 生物室廊下.JPG */; };
		7737B6701D289DB100E36C3E /* CIMG4025生物室廊下-1.JPG in Resources */ = {isa = PBXBuildFile; fileRef = 7737B5F41D289DB000E36C3E /* CIMG4025生物室廊下-1.JPG */; };
		7737B6711D289DB100E36C3E /* 第一AVE前.JPG in Resources */ = {isa = PBXBuildFile; fileRef = 7737B5F51D289DB000E36C3E /* 第一AVE前.JPG */; };
		7737B6721D289DB100E36C3E /* コモンスペース.JPG in Resources */ = {isa = PBXBuildFile; fileRef = 7737B5F61D289DB000E36C3E /* コモンスペース.JPG */; };
		7737B6731D289DB100E36C3E /* セミナー室.JPG in Resources */ = {isa = PBXBuildFile; fileRef = 7737B5F71D289DB000E36C3E /* セミナー室.JPG */; };
		7737B6741D289DB100E36C3E /* 第一美術室.JPG in Resources */ = {isa = PBXBuildFile; fileRef = 7737B5F81D289DB000E36C3E /* 第一美術室.JPG */; };
		7737B6751D289DB100E36C3E /* 第一美術室-1.JPG in Resources */ = {isa = PBXBuildFile; fileRef = 7737B5F91D289DB000E36C3E /* 第一美術室-1.JPG */; };
		7737B6761D289DB100E36C3E /* 第一美術室-2.JPG in Resources */ = {isa = PBXBuildFile; fileRef = 7737B5FA1D289DB000E36C3E /* 第一美術室-2.JPG */; };
		7737B6771D289DB100E36C3E /* 第一美術室-3.JPG in Resources */ = {isa = PBXBuildFile; fileRef = 7737B5FB1D289DB000E36C3E /* 第一美術室-3.JPG */; };
		7737B6781D289DB100E36C3E /* 第三美術室.JPG in Resources */ = {isa = PBXBuildFile; fileRef = 7737B5FC1D289DB000E36C3E /* 第三美術室.JPG */; };
		7737B6791D289DB100E36C3E /* HR教室.JPG in Resources */ = {isa = PBXBuildFile; fileRef = 7737B5FD1D289DB000E36C3E /* HR教室.JPG */; };
		7737B67A1D289DB100E36C3E /* HR教室-1.JPG in Resources */ = {isa = PBXBuildFile; fileRef = 7737B5FE1D289DB000E36C3E /* HR教室-1.JPG */; };
		7737B67B1D289DB100E36C3E /* プロジェクタ.JPG in Resources */ = {isa = PBXBuildFile; fileRef = 7737B5FF1D289DB000E36C3E /* プロジェクタ.JPG */; };
		7737B67C1D289DB100E36C3E /* 中庭（雨）.JPG in Resources */ = {isa = PBXBuildFile; fileRef = 7737B6001D289DB000E36C3E /* 中庭（雨）.JPG */; };
		7737B67D1D289DB100E36C3E /* CIMG4038.JPG in Resources */ = {isa = PBXBuildFile; fileRef = 7737B6011D289DB000E36C3E /* CIMG4038.JPG */; };
		7737B67E1D289DB100E36C3E /* CIMG4039.JPG in Resources */ = {isa = PBXBuildFile; fileRef = 7737B6021D289DB000E36C3E /* CIMG4039.JPG */; };
		7737B67F1D289DB100E36C3E /* 第一コンピューター室.JPG in Resources */ = {isa = PBXBuildFile; fileRef = 7737B6031D289DB000E36C3E /* 第一コンピューター室.JPG */; };
		7737B6801D289DB100E36C3E /* CIMG4041.JPG in Resources */ = {isa = PBXBuildFile; fileRef = 7737B6041D289DB000E36C3E /* CIMG4041.JPG */; };
		7737B6811D289DB100E36C3E /* CIMG4042.JPG in Resources */ = {isa = PBXBuildFile; fileRef = 7737B6051D289DB000E36C3E /* CIMG4042.JPG */; };
		7737B6821D289DB100E36C3E /* 保健室.JPG in Resources */ = {isa = PBXBuildFile; fileRef = 7737B6061D289DB000E36C3E /* 保健室.JPG */; };
		7737B6831D289DB100E36C3E /* CIMG4044.JPG in Resources */ = {isa = PBXBuildFile; fileRef = 7737B6071D289DB000E36C3E /* CIMG4044.JPG */; };
		7737B6841D289DB100E36C3E /* 事務室.JPG in Resources */ = {isa = PBXBuildFile; fileRef = 7737B6081D289DB000E36C3E /* 事務室.JPG */; };
		7737B6851D289DB100E36C3E /* CIMG4046.JPG in Resources */ = {isa = PBXBuildFile; fileRef = 7737B6091D289DB000E36C3E /* CIMG4046.JPG */; };
		7737B6861D289DB100E36C3E /* 第一体育館-6.JPG in Resources */ = {isa = PBXBuildFile; fileRef = 7737B60A1D289DB000E36C3E /* 第一体育館-6.JPG */; };
		7737B6871D289DB100E36C3E /* 馬の彫像.JPG in Resources */ = {isa = PBXBuildFile; fileRef = 7737B60B1D289DB000E36C3E /* 馬の彫像.JPG */; };
		7737B6881D289DB100E36C3E /* 高校等前.JPG in Resources */ = {isa = PBXBuildFile; fileRef = 7737B60C1D289DB000E36C3E /* 高校等前.JPG */; };
		7737B6891D289DB100E36C3E /* CIMG4052.JPG in Resources */ = {isa = PBXBuildFile; fileRef = 7737B60D1D289DB000E36C3E /* CIMG4052.JPG */; };
		7737B68A1D289DB100E36C3E /* 高校棟前.JPG in Resources */ = {isa = PBXBuildFile; fileRef = 7737B60E1D289DB000E36C3E /* 高校棟前.JPG */; };
		7737B68B1D289DB100E36C3E /* CIMG4054.JPG in Resources */ = {isa = PBXBuildFile; fileRef = 7737B60F1D289DB000E36C3E /* CIMG4054.JPG */; };
		7737B68C1D289DB100E36C3E /* CIMG4055.JPG in Resources */ = {isa = PBXBuildFile; fileRef = 7737B6101D289DB000E36C3E /* CIMG4055.JPG */; };
		7737B68D1D289DB100E36C3E /* 高校等前彫像.JPG in Resources */ = {isa = PBXBuildFile; fileRef = 7737B6111D289DB000E36C3E /* 高校等前彫像.JPG */; };
		7737B68E1D289DB100E36C3E /* 自転車.JPG in Resources */ = {isa = PBXBuildFile; fileRef = 7737B6121D289DB000E36C3E /* 自転車.JPG */; };
		7737B68F1D289DB100E36C3E /* 事務室前オブッジェ.JPG in Resources */ = {isa = PBXBuildFile; fileRef = 7737B6131D289DB000E36C3E /* 事務室前オブッジェ.JPG */; };
		7737B6901D289DB100E36C3E /* CIMG4059.JPG in Resources */ = {isa = PBXBuildFile; fileRef = 7737B6141D289DB000E36C3E /* CIMG4059.JPG */; };
		7737B6911D289DB100E36C3E /* 事務室前の木.JPG in Resources */ = {isa = PBXBuildFile; fileRef = 7737B6151D289DB000E36C3E /* 事務室前の木.JPG */; };
		7737B6921D289DB100E36C3E /* CIMG4061.JPG in Resources */ = {isa = PBXBuildFile; fileRef = 7737B6161D289DB000E36C3E /* CIMG4061.JPG */; };
		7737B6931D289DB100E36C3E /* CIMG4062.JPG in Resources */ = {isa = PBXBuildFile; fileRef = 7737B6171D289DB000E36C3E /* CIMG4062.JPG */; };
		7737B6941D289DB100E36C3E /* CIMG4063.JPG in Resources */ = {isa = PBXBuildFile; fileRef = 7737B6181D289DB000E36C3E /* CIMG4063.JPG */; };
		7737B6951D289DB100E36C3E /* 購買.JPG in Resources */ = {isa = PBXBuildFile; fileRef = 7737B6191D289DB000E36C3E /* 購買.JPG */; };
		7737B6961D289DB100E36C3E /* 購買注文所.JPG in Resources */ = {isa = PBXBuildFile; fileRef = 7737B61A1D289DB000E36C3E /* 購買注文所.JPG */; };
		7737B6971D289DB100E36C3E /* CIMG4066.JPG in Resources */ = {isa = PBXBuildFile; fileRef = 7737B61B1D289DB000E36C3E /* CIMG4066.JPG */; };
		7737B6981D289DB100E36C3E /* CIMG4067.JPG in Resources */ = {isa = PBXBuildFile; fileRef = 7737B61C1D289DB000E36C3E /* CIMG4067.JPG */; };
		7737B6991D289DB100E36C3E /* CIMG4068.JPG in Resources */ = {isa = PBXBuildFile; fileRef = 7737B61D1D289DB000E36C3E /* CIMG4068.JPG */; };
		7737B69A1D289DB100E36C3E /* CIMG4069.JPG in Resources */ = {isa = PBXBuildFile; fileRef = 7737B61E1D289DB100E36C3E /* CIMG4069.JPG */; };
		7737B69B1D289DB100E36C3E /* 中庭.JPG in Resources */ = {isa = PBXBuildFile; fileRef = 7737B61F1D289DB100E36C3E /* 中庭.JPG */; };
		7737B69D1D289DB100E36C3E /* CIMG4072.JPG in Resources */ = {isa = PBXBuildFile; fileRef = 7737B6211D289DB100E36C3E /* CIMG4072.JPG */; };
		7737B69E1D289DB100E36C3E /* 柔道場qドァ.JPG in Resources */ = {isa = PBXBuildFile; fileRef = 7737B6221D289DB100E36C3E /* 柔道場qドァ.JPG */; };
		7737B69F1D289DB100E36C3E /* 柔道場.JPG in Resources */ = {isa = PBXBuildFile; fileRef = 7737B6231D289DB100E36C3E /* 柔道場.JPG */; };
		7737B6A01D289DB100E36C3E /* CIMG4075.JPG in Resources */ = {isa = PBXBuildFile; fileRef = 7737B6241D289DB100E36C3E /* CIMG4075.JPG */; };
		7737B6A11D289DB100E36C3E /* CIMG4076.JPG in Resources */ = {isa = PBXBuildFile; fileRef = 7737B6251D289DB100E36C3E /* CIMG4076.JPG */; };
		7737B6A21D289DB100E36C3E /* あwっd.JPG in Resources */ = {isa = PBXBuildFile; fileRef = 7737B6261D289DB100E36C3E /* あwっd.JPG */; };
		7737B6A31D289DB100E36C3E /* CIMG4078.JPG in Resources */ = {isa = PBXBuildFile; fileRef = 7737B6271D289DB100E36C3E /* CIMG4078.JPG */; };
		7737B6A41D289DB100E36C3E /* 剣道場.JPG in Resources */ = {isa = PBXBuildFile; fileRef = 7737B6281D289DB100E36C3E /* 剣道場.JPG */; };
		7737B6A51D289DB100E36C3E /* プール.JPG in Resources */ = {isa = PBXBuildFile; fileRef = 7737B6291D289DB100E36C3E /* プール.JPG */; };
		7737B6A61D289DB100E36C3E /* CIMG4081.JPG in Resources */ = {isa = PBXBuildFile; fileRef = 7737B62A1D289DB100E36C3E /* CIMG4081.JPG */; };
		7737B6A71D289DB100E36C3E /* CIMG4082.JPG in Resources */ = {isa = PBXBuildFile; fileRef = 7737B62B1D289DB100E36C3E /* CIMG4082.JPG */; };
		7737B6A81D289DB100E36C3E /* CIMG4083.JPG in Resources */ = {isa = PBXBuildFile; fileRef = 7737B62C1D289DB100E36C3E /* CIMG4083.JPG */; };
		7737B6A91D289DB100E36C3E /* CIMG4084.JPG in Resources */ = {isa = PBXBuildFile; fileRef = 7737B62D1D289DB100E36C3E /* CIMG4084.JPG */; };
		7737B6AA1D289DB100E36C3E /* ラグビー場.JPG in Resources */ = {isa = PBXBuildFile; fileRef = 7737B62E1D289DB100E36C3E /* ラグビー場.JPG */; };
		7737B6AB1D289DB100E36C3E /* CIMG4086.JPG in Resources */ = {isa = PBXBuildFile; fileRef = 7737B62F1D289DB100E36C3E /* CIMG4086.JPG */; };
		7737B6AC1D289DB100E36C3E /* CIMG4087.JPG in Resources */ = {isa = PBXBuildFile; fileRef = 7737B6301D289DB100E36C3E /* CIMG4087.JPG */; };
		7737B6AD1D289DB100E36C3E /* 無線斑の電波塔.JPG in Resources */ = {isa = PBXBuildFile; fileRef = 7737B6311D289DB100E36C3E /* 無線斑の電波塔.JPG */; };
		7737B6AE1D289DB100E36C3E /* ひたち野うしく.jpg in Resources */ = {isa = PBXBuildFile; fileRef = 7737B6321D289DB100E36C3E /* ひたち野うしく.jpg */; };
		7737B6AF1D289DB100E36C3E /* 研究学園.jpg in Resources */ = {isa = PBXBuildFile; fileRef = 7737B6331D289DB100E36C3E /* 研究学園.jpg */; };
		773924881D01B28E00531DFC /* UITableViewController.swift in Sources */ = {isa = PBXBuildFile; fileRef = 773924871D01B28E00531DFC /* UITableViewController.swift */; };
		774D2D351D1E1F5300CB21DB /* BusTimePictureViewController.swift in Sources */ = {isa = PBXBuildFile; fileRef = 774D2D341D1E1F5300CB21DB /* BusTimePictureViewController.swift */; };
		775BC97D1D27608F0005B14F /* koutsuuViewController.swift in Sources */ = {isa = PBXBuildFile; fileRef = 775BC97C1D27608F0005B14F /* koutsuuViewController.swift */; };
		7765EF6A1D181A280097B835 /* BusTimeViewController.swift in Sources */ = {isa = PBXBuildFile; fileRef = 7765EF691D181A280097B835 /* BusTimeViewController.swift */; };
		77744B301CCA3EE600D4024A /* logo_meikeiのコピー.png in Resources */ = {isa = PBXBuildFile; fileRef = 77744B2F1CCA3EE600D4024A /* logo_meikeiのコピー.png */; };
		77744B341CCA478C00D4024A /* mmd.png in Resources */ = {isa = PBXBuildFile; fileRef = 77744B331CCA478C00D4024A /* mmd.png */; };
		77845B131D5B2A24003C60D5 /* トレーナー室.JPG in Resources */ = {isa = PBXBuildFile; fileRef = 77845B0C1D5B2A23003C60D5 /* トレーナー室.JPG */; };
		77845B141D5B2A24003C60D5 /* 校長室前廊下.JPG in Resources */ = {isa = PBXBuildFile; fileRef = 77845B0D1D5B2A23003C60D5 /* 校長室前廊下.JPG */; };
		77845B151D5B2A24003C60D5 /* 皇帝.JPG in Resources */ = {isa = PBXBuildFile; fileRef = 77845B0E1D5B2A23003C60D5 /* 皇帝.JPG */; };
		77845B161D5B2A24003C60D5 /* CIMG4359.JPG in Resources */ = {isa = PBXBuildFile; fileRef = 77845B0F1D5B2A23003C60D5 /* CIMG4359.JPG */; };
		77845B171D5B2A24003C60D5 /* CIMG4360.JPG in Resources */ = {isa = PBXBuildFile; fileRef = 77845B101D5B2A23003C60D5 /* CIMG4360.JPG */; };
		77845B181D5B2A24003C60D5 /* 音楽室.JPG in Resources */ = {isa = PBXBuildFile; fileRef = 77845B111D5B2A24003C60D5 /* 音楽室.JPG */; };
		77845B191D5B2A24003C60D5 /* 音楽室2.JPG in Resources */ = {isa = PBXBuildFile; fileRef = 77845B121D5B2A24003C60D5 /* 音楽室2.JPG */; };
		77845B1B1D5B2C09003C60D5 /* トレーナ室.JPG in Resources */ = {isa = PBXBuildFile; fileRef = 77845B1A1D5B2C09003C60D5 /* トレーナ室.JPG */; };
		77845B1D1D5B2C59003C60D5 /* 相談.JPG in Resources */ = {isa = PBXBuildFile; fileRef = 77845B1C1D5B2C59003C60D5 /* 相談.JPG */; };
		7785B46B1D6D9B95000FD944 /* android-chrome-192x192.png in Resources */ = {isa = PBXBuildFile; fileRef = 7785B46A1D6D9B95000FD944 /* android-chrome-192x192.png */; };
		7789AC421D6FD2D800CACFC5 /* QRcode-第一体育館.jpg in Resources */ = {isa = PBXBuildFile; fileRef = 7789AC411D6FD2D800CACFC5 /* QRcode-第一体育館.jpg */; };
		77B276F91D4C9A3C0010EF44 /* Default-568h@2x.png in Resources */ = {isa = PBXBuildFile; fileRef = 77B276F41D4C9A3C0010EF44 /* Default-568h@2x.png */; };
		77B276FA1D4C9A3C0010EF44 /* Default-667h@2x.png in Resources */ = {isa = PBXBuildFile; fileRef = 77B276F51D4C9A3C0010EF44 /* Default-667h@2x.png */; };
		77B276FB1D4C9A3C0010EF44 /* Default-736h@3x.png in Resources */ = {isa = PBXBuildFile; fileRef = 77B276F61D4C9A3C0010EF44 /* Default-736h@3x.png */; };
		77B276FC1D4C9A3C0010EF44 /* Default.png in Resources */ = {isa = PBXBuildFile; fileRef = 77B276F71D4C9A3C0010EF44 /* Default.png */; };
		77B276FD1D4C9A3C0010EF44 /* Default@2x.png in Resources */ = {isa = PBXBuildFile; fileRef = 77B276F81D4C9A3C0010EF44 /* Default@2x.png */; };
		77B2ECFC1CDEE84700665F95 /* AccessUIserchViewController.swift in Sources */ = {isa = PBXBuildFile; fileRef = 77B2ECFB1CDEE84700665F95 /* AccessUIserchViewController.swift */; };
		77C50C491D16679D00A83F4D /* UITableViewSyousaiViewController.swift in Sources */ = {isa = PBXBuildFile; fileRef = 77C50C481D16679D00A83F4D /* UITableViewSyousaiViewController.swift */; };
		77EF7EAC1CAF8E9A0071347A /* AppDelegate.swift in Sources */ = {isa = PBXBuildFile; fileRef = 77EF7EAB1CAF8E9A0071347A /* AppDelegate.swift */; };
		77EF7EAE1CAF8E9A0071347A /* QRCodeViewController.swift in Sources */ = {isa = PBXBuildFile; fileRef = 77EF7EAD1CAF8E9A0071347A /* QRCodeViewController.swift */; };
		77EF7EB11CAF8E9A0071347A /* Main.storyboard in Resources */ = {isa = PBXBuildFile; fileRef = 77EF7EAF1CAF8E9A0071347A /* Main.storyboard */; };
		77EF7EB31CAF8E9A0071347A /* Assets.xcassets in Resources */ = {isa = PBXBuildFile; fileRef = 77EF7EB21CAF8E9A0071347A /* Assets.xcassets */; };
		77EF7EB61CAF8E9A0071347A /* LaunchScreen.storyboard in Resources */ = {isa = PBXBuildFile; fileRef = 77EF7EB41CAF8E9A0071347A /* LaunchScreen.storyboard */; };
		77EF7EC11CAF8E9A0071347A /* kojikennTests.swift in Sources */ = {isa = PBXBuildFile; fileRef = 77EF7EC01CAF8E9A0071347A /* kojikennTests.swift */; };
		77EF7ECC1CAF8E9A0071347A /* kojikennUITests.swift in Sources */ = {isa = PBXBuildFile; fileRef = 77EF7ECB1CAF8E9A0071347A /* kojikennUITests.swift */; };
		77F044DD1CDEFF2D00A8FB55 /* 交通案内.jpg in Resources */ = {isa = PBXBuildFile; fileRef = 77F044DC1CDEFF2D00A8FB55 /* 交通案内.jpg */; };
		77FBA8841CB0E1DE000C7ABD /* 茗溪　ロゴ.jpg in Resources */ = {isa = PBXBuildFile; fileRef = 77FBA8831CB0E1DD000C7ABD /* 茗溪　ロゴ.jpg */; };
		77FBA8881CB0E6D9000C7ABD /* StartViewController.swift in Sources */ = {isa = PBXBuildFile; fileRef = 77FBA8871CB0E6D9000C7ABD /* StartViewController.swift */; };
		77FBA88A1CB0E837000C7ABD /* SecondViewController.swift in Sources */ = {isa = PBXBuildFile; fileRef = 77FBA8891CB0E837000C7ABD /* SecondViewController.swift */; };
		77FBA88C1CB0F130000C7ABD /* OptionViewController.swift in Sources */ = {isa = PBXBuildFile; fileRef = 77FBA88B1CB0F130000C7ABD /* OptionViewController.swift */; };
/* End PBXBuildFile section */

/* Begin PBXContainerItemProxy section */
		77EF7EBD1CAF8E9A0071347A /* PBXContainerItemProxy */ = {
			isa = PBXContainerItemProxy;
			containerPortal = 77EF7EA01CAF8E9A0071347A /* Project object */;
			proxyType = 1;
			remoteGlobalIDString = 77EF7EA71CAF8E9A0071347A;
			remoteInfo = kojikenn;
		};
		77EF7EC81CAF8E9A0071347A /* PBXContainerItemProxy */ = {
			isa = PBXContainerItemProxy;
			containerPortal = 77EF7EA01CAF8E9A0071347A /* Project object */;
			proxyType = 1;
			remoteGlobalIDString = 77EF7EA71CAF8E9A0071347A;
			remoteInfo = kojikenn;
		};
/* End PBXContainerItemProxy section */

/* Begin PBXFileReference section */
		7708CEE51D4E1F2B00B2FE94 /* CIMG4202.JPG */ = {isa = PBXFileReference; lastKnownFileType = image.jpeg; path = CIMG4202.JPG; sourceTree = "<group>"; };
		7708CEE61D4E1F2B00B2FE94 /* 寮.JPG */ = {isa = PBXFileReference; lastKnownFileType = image.jpeg; path = "寮.JPG"; sourceTree = "<group>"; };
		7708CEE71D4E1F2B00B2FE94 /* CIMG4204.JPG */ = {isa = PBXFileReference; lastKnownFileType = image.jpeg; path = CIMG4204.JPG; sourceTree = "<group>"; };
		7708CEE81D4E1F2B00B2FE94 /* 寮門前.JPG */ = {isa = PBXFileReference; lastKnownFileType = image.jpeg; path = "寮門前.JPG"; sourceTree = "<group>"; };
		7708CEE91D4E1F2B00B2FE94 /* CIMG4206.JPG */ = {isa = PBXFileReference; lastKnownFileType = image.jpeg; path = CIMG4206.JPG; sourceTree = "<group>"; };
		7708CEEA1D4E1F2B00B2FE94 /* 食堂前.JPG */ = {isa = PBXFileReference; lastKnownFileType = image.jpeg; path = "食堂前.JPG"; sourceTree = "<group>"; };
		7708CEEB1D4E1F2B00B2FE94 /* CIMG4208.JPG */ = {isa = PBXFileReference; lastKnownFileType = image.jpeg; path = CIMG4208.JPG; sourceTree = "<group>"; };
		7708CEF31D4E2DBA00B2FE94 /* コモンスペース1.JPG */ = {isa = PBXFileReference; lastKnownFileType = image.jpeg; path = "コモンスペース1.JPG"; sourceTree = "<group>"; };
		7714D2B61D5730B000CF348D /* c7f06ee3.jpg */ = {isa = PBXFileReference; lastKnownFileType = image.jpeg; path = c7f06ee3.jpg; sourceTree = "<group>"; };
		7714D2B81D57385500CF348D /* スクリーンショット 2016-08-07 18.34.53.png */ = {isa = PBXFileReference; lastKnownFileType = image.png; path = "スクリーンショット 2016-08-07 18.34.53.png"; sourceTree = "<group>"; };
		7714D2BA1D573DD500CF348D /* icon_027123_256.jpg */ = {isa = PBXFileReference; lastKnownFileType = image.jpeg; path = icon_027123_256.jpg; sourceTree = "<group>"; };
		7714D2BC1D573E9F00CF348D /* icon_002751_256.jpg */ = {isa = PBXFileReference; lastKnownFileType = image.jpeg; path = icon_002751_256.jpg; sourceTree = "<group>"; };
		7737B5B81D289DB000E36C3E /* 6方面-2.jpg */ = {isa = PBXFileReference; lastKnownFileType = image.jpeg; path = "6方面-2.jpg"; sourceTree = "<group>"; };
		7737B5B91D289DB000E36C3E /* 6方面-3.jpg */ = {isa = PBXFileReference; lastKnownFileType = image.jpeg; path = "6方面-3.jpg"; sourceTree = "<group>"; };
		7737B5BA1D289DB000E36C3E /* 6方面.jpg */ = {isa = PBXFileReference; lastKnownFileType = image.jpeg; path = "6方面.jpg"; sourceTree = "<group>"; };
		7737B5BB1D289DB000E36C3E /* 第一体育館.JPG */ = {isa = PBXFileReference; lastKnownFileType = image.jpeg; path = "第一体育館.JPG"; sourceTree = "<group>"; };
		7737B5BC1D289DB000E36C3E /* 第一体育館-2.JPG */ = {isa = PBXFileReference; lastKnownFileType = image.jpeg; path = "第一体育館-2.JPG"; sourceTree = "<group>"; };
		7737B5BD1D289DB000E36C3E /* 第一体育館-3.JPG */ = {isa = PBXFileReference; lastKnownFileType = image.jpeg; path = "第一体育館-3.JPG"; sourceTree = "<group>"; };
		7737B5BE1D289DB000E36C3E /* 第一体育館-４.JPG */ = {isa = PBXFileReference; lastKnownFileType = image.jpeg; path = "第一体育館-４.JPG"; sourceTree = "<group>"; };
		7737B5BF1D289DB000E36C3E /* 第一体育館-５.JPG */ = {isa = PBXFileReference; lastKnownFileType = image.jpeg; path = "第一体育館-５.JPG"; sourceTree = "<group>"; };
		7737B5C01D289DB000E36C3E /* ピット.JPG */ = {isa = PBXFileReference; lastKnownFileType = image.jpeg; path = "ピット.JPG"; sourceTree = "<group>"; };
		7737B5C11D289DB000E36C3E /* 第二体育館.JPG */ = {isa = PBXFileReference; lastKnownFileType = image.jpeg; path = "第二体育館.JPG"; sourceTree = "<group>"; };
		7737B5C21D289DB000E36C3E /* 第二体育館-2.JPG */ = {isa = PBXFileReference; lastKnownFileType = image.jpeg; path = "第二体育館-2.JPG"; sourceTree = "<group>"; };
		7737B5C31D289DB000E36C3E /* 第二体育館-3.JPG */ = {isa = PBXFileReference; lastKnownFileType = image.jpeg; path = "第二体育館-3.JPG"; sourceTree = "<group>"; };
		7737B5C41D289DB000E36C3E /* トレーナー室.JPG */ = {isa = PBXFileReference; lastKnownFileType = image.jpeg; path = "トレーナー室.JPG"; sourceTree = "<group>"; };
		7737B5C51D289DB000E36C3E /* ショーケース.JPG */ = {isa = PBXFileReference; lastKnownFileType = image.jpeg; path = "ショーケース.JPG"; sourceTree = "<group>"; };
		7737B5C61D289DB000E36C3E /* ショーケース.JPG */ = {isa = PBXFileReference; lastKnownFileType = image.jpeg; path = "ショーケース.JPG"; sourceTree = "<group>"; };
		7737B5C71D289DB000E36C3E /* 電気釜.JPG */ = {isa = PBXFileReference; lastKnownFileType = image.jpeg; path = "電気釜.JPG"; sourceTree = "<group>"; };
		7737B5C81D289DB000E36C3E /* 電気釜.JPG */ = {isa = PBXFileReference; lastKnownFileType = image.jpeg; path = "電気釜.JPG"; sourceTree = "<group>"; };
		7737B5C91D289DB000E36C3E /* 第二美術室.JPG */ = {isa = PBXFileReference; lastKnownFileType = image.jpeg; path = "第二美術室.JPG"; sourceTree = "<group>"; };
		7737B5CA1D289DB000E36C3E /* コモンスペース１.JPG */ = {isa = PBXFileReference; lastKnownFileType = image.jpeg; path = "コモンスペース１.JPG"; sourceTree = "<group>"; };
		7737B5CB1D289DB000E36C3E /* コモンスペース.JPG */ = {isa = PBXFileReference; lastKnownFileType = image.jpeg; path = "コモンスペース.JPG"; sourceTree = "<group>"; };
		7737B5CC1D289DB000E36C3E /* コモンスペース２.JPG */ = {isa = PBXFileReference; lastKnownFileType = image.jpeg; path = "コモンスペース２.JPG"; sourceTree = "<group>"; };
		7737B5CD1D289DB000E36C3E /* コモンスペース２-2.JPG */ = {isa = PBXFileReference; lastKnownFileType = image.jpeg; path = "コモンスペース２-2.JPG"; sourceTree = "<group>"; };
		7737B5CE1D289DB000E36C3E /* CIMG3987.JPG */ = {isa = PBXFileReference; lastKnownFileType = image.jpeg; path = CIMG3987.JPG; sourceTree = "<group>"; };
		7737B5CF1D289DB000E36C3E /* 高校職員室前.JPG */ = {isa = PBXFileReference; lastKnownFileType = image.jpeg; path = "高校職員室前.JPG"; sourceTree = "<group>"; };
		7737B5D01D289DB000E36C3E /* 陶芸.JPG */ = {isa = PBXFileReference; lastKnownFileType = image.jpeg; path = "陶芸.JPG"; sourceTree = "<group>"; };
		7737B5D11D289DB000E36C3E /* 陶芸-2.JPG */ = {isa = PBXFileReference; lastKnownFileType = image.jpeg; path = "陶芸-2.JPG"; sourceTree = "<group>"; };
		7737B5D21D289DB000E36C3E /* 陶芸-3.JPG */ = {isa = PBXFileReference; lastKnownFileType = image.jpeg; path = "陶芸-3.JPG"; sourceTree = "<group>"; };
		7737B5D31D289DB000E36C3E /* 巻物.JPG */ = {isa = PBXFileReference; lastKnownFileType = image.jpeg; path = "巻物.JPG"; sourceTree = "<group>"; };
		7737B5D41D289DB000E36C3E /* 二人の天使.JPG */ = {isa = PBXFileReference; lastKnownFileType = image.jpeg; path = "二人の天使.JPG"; sourceTree = "<group>"; };
		7737B5D51D289DB000E36C3E /* 二人の天使-2.JPG */ = {isa = PBXFileReference; lastKnownFileType = image.jpeg; path = "二人の天使-2.JPG"; sourceTree = "<group>"; };
		7737B5D61D289DB000E36C3E /* トイレ.JPG */ = {isa = PBXFileReference; lastKnownFileType = image.jpeg; path = "トイレ.JPG"; sourceTree = "<group>"; };
		7737B5D71D289DB000E36C3E /* トイレ中.JPG */ = {isa = PBXFileReference; lastKnownFileType = image.jpeg; path = "トイレ中.JPG"; sourceTree = "<group>"; };
		7737B5D81D289DB000E36C3E /* 生物実験室.JPG */ = {isa = PBXFileReference; lastKnownFileType = image.jpeg; path = "生物実験室.JPG"; sourceTree = "<group>"; };
		7737B5D91D289DB000E36C3E /* 顕微鏡.JPG */ = {isa = PBXFileReference; lastKnownFileType = image.jpeg; path = "顕微鏡.JPG"; sourceTree = "<group>"; };
		7737B5DA1D289DB000E36C3E /* シラバス.JPG */ = {isa = PBXFileReference; lastKnownFileType = image.jpeg; path = "シラバス.JPG"; sourceTree = "<group>"; };
		7737B5DB1D289DB000E36C3E /* 個人研.JPG */ = {isa = PBXFileReference; lastKnownFileType = image.jpeg; path = "個人研.JPG"; sourceTree = "<group>"; };
		7737B5DC1D289DB000E36C3E /* 個人研.JPG */ = {isa = PBXFileReference; lastKnownFileType = image.jpeg; path = "個人研.JPG"; sourceTree = "<group>"; };
		7737B5DD1D289DB000E36C3E /* 進路資料室.JPG */ = {isa = PBXFileReference; lastKnownFileType = image.jpeg; path = "進路資料室.JPG"; sourceTree = "<group>"; };
		7737B5DE1D289DB000E36C3E /* 大教室前絵画.JPG */ = {isa = PBXFileReference; lastKnownFileType = image.jpeg; path = "大教室前絵画.JPG"; sourceTree = "<group>"; };
		7737B5DF1D289DB000E36C3E /* 大教室前絵画.JPG */ = {isa = PBXFileReference; lastKnownFileType = image.jpeg; path = "大教室前絵画.JPG"; sourceTree = "<group>"; };
		7737B5E01D289DB000E36C3E /* 図書室.−１JPG */ = {isa = PBXFileReference; lastKnownFileType = file; path = "図書室.−１JPG"; sourceTree = "<group>"; };
		7737B5E11D289DB000E36C3E /* 図書室.JPG */ = {isa = PBXFileReference; lastKnownFileType = image.jpeg; path = "図書室.JPG"; sourceTree = "<group>"; };
		7737B5E21D289DB000E36C3E /* 交流校.jpg */ = {isa = PBXFileReference; lastKnownFileType = image.jpeg; path = "交流校.jpg"; sourceTree = "<group>"; };
		7737B5E31D289DB000E36C3E /* 交流校.JPG */ = {isa = PBXFileReference; lastKnownFileType = image.jpeg; path = "交流校.JPG"; sourceTree = "<group>"; };
		7737B5E41D289DB000E36C3E /* 星出さん.JPG */ = {isa = PBXFileReference; lastKnownFileType = image.jpeg; path = "星出さん.JPG"; sourceTree = "<group>"; };
		7737B5E51D289DB000E36C3E /* 星出さん.JPG */ = {isa = PBXFileReference; lastKnownFileType = image.jpeg; path = "星出さん.JPG"; sourceTree = "<group>"; };
		7737B5E61D289DB000E36C3E /* 星出さん.JPG */ = {isa = PBXFileReference; lastKnownFileType = image.jpeg; path = "星出さん.JPG"; sourceTree = "<group>"; };
		7737B5E71D289DB000E36C3E /* 岩窟の天使.JPG */ = {isa = PBXFileReference; lastKnownFileType = image.jpeg; path = "岩窟の天使.JPG"; sourceTree = "<group>"; };
		7737B5E81D289DB000E36C3E /* 岩窟の天使.JPG */ = {isa = PBXFileReference; lastKnownFileType = image.jpeg; path = "岩窟の天使.JPG"; sourceTree = "<group>"; };
		7737B5E91D289DB000E36C3E /* 石像.JPG */ = {isa = PBXFileReference; lastKnownFileType = image.jpeg; path = "石像.JPG"; sourceTree = "<group>"; };
		7737B5EA1D289DB000E36C3E /* CIMG4015.JPG */ = {isa = PBXFileReference; lastKnownFileType = image.jpeg; path = CIMG4015.JPG; sourceTree = "<group>"; };
		7737B5EB1D289DB000E36C3E /* CIMG4016.JPG */ = {isa = PBXFileReference; lastKnownFileType = image.jpeg; path = CIMG4016.JPG; sourceTree = "<group>"; };
		7737B5EC1D289DB000E36C3E /* CIMG4017.JPG */ = {isa = PBXFileReference; lastKnownFileType = image.jpeg; path = CIMG4017.JPG; sourceTree = "<group>"; };
		7737B5ED1D289DB000E36C3E /* 101教室.JPG */ = {isa = PBXFileReference; lastKnownFileType = image.jpeg; path = "101教室.JPG"; sourceTree = "<group>"; };
		7737B5EE1D289DB000E36C3E /* 書道室.JPG */ = {isa = PBXFileReference; lastKnownFileType = image.jpeg; path = "書道室.JPG"; sourceTree = "<group>"; };
		7737B5EF1D289DB000E36C3E /* CIMG4020.JPG */ = {isa = PBXFileReference; lastKnownFileType = image.jpeg; path = CIMG4020.JPG; sourceTree = "<group>"; };
		7737B5F01D289DB000E36C3E /* 顕微鏡.JPG */ = {isa = PBXFileReference; lastKnownFileType = image.jpeg; path = "顕微鏡.JPG"; sourceTree = "<group>"; };
		7737B5F11D289DB000E36C3E /* 生物室の機械.JPG */ = {isa = PBXFileReference; lastKnownFileType = image.jpeg; path = "生物室の機械.JPG"; sourceTree = "<group>"; };
		7737B5F21D289DB000E36C3E /* 生物室の機械-1.JPG */ = {isa = PBXFileReference; lastKnownFileType = image.jpeg; path = "生物室の機械-1.JPG"; sourceTree = "<group>"; };
		7737B5F31D289DB000E36C3E /* 生物室廊下.JPG */ = {isa = PBXFileReference; lastKnownFileType = image.jpeg; path = "生物室廊下.JPG"; sourceTree = "<group>"; };
		7737B5F41D289DB000E36C3E /* CIMG4025生物室廊下-1.JPG */ = {isa = PBXFileReference; lastKnownFileType = image.jpeg; path = "CIMG4025生物室廊下-1.JPG"; sourceTree = "<group>"; };
		7737B5F51D289DB000E36C3E /* 第一AVE前.JPG */ = {isa = PBXFileReference; lastKnownFileType = image.jpeg; path = "第一AVE前.JPG"; sourceTree = "<group>"; };
		7737B5F61D289DB000E36C3E /* コモンスペース.JPG */ = {isa = PBXFileReference; lastKnownFileType = image.jpeg; path = "コモンスペース.JPG"; sourceTree = "<group>"; };
		7737B5F71D289DB000E36C3E /* セミナー室.JPG */ = {isa = PBXFileReference; lastKnownFileType = image.jpeg; path = "セミナー室.JPG"; sourceTree = "<group>"; };
		7737B5F81D289DB000E36C3E /* 第一美術室.JPG */ = {isa = PBXFileReference; lastKnownFileType = image.jpeg; path = "第一美術室.JPG"; sourceTree = "<group>"; };
		7737B5F91D289DB000E36C3E /* 第一美術室-1.JPG */ = {isa = PBXFileReference; lastKnownFileType = image.jpeg; path = "第一美術室-1.JPG"; sourceTree = "<group>"; };
		7737B5FA1D289DB000E36C3E /* 第一美術室-2.JPG */ = {isa = PBXFileReference; lastKnownFileType = image.jpeg; path = "第一美術室-2.JPG"; sourceTree = "<group>"; };
		7737B5FB1D289DB000E36C3E /* 第一美術室-3.JPG */ = {isa = PBXFileReference; lastKnownFileType = image.jpeg; path = "第一美術室-3.JPG"; sourceTree = "<group>"; };
		7737B5FC1D289DB000E36C3E /* 第三美術室.JPG */ = {isa = PBXFileReference; lastKnownFileType = image.jpeg; path = "第三美術室.JPG"; sourceTree = "<group>"; };
		7737B5FD1D289DB000E36C3E /* HR教室.JPG */ = {isa = PBXFileReference; lastKnownFileType = image.jpeg; path = "HR教室.JPG"; sourceTree = "<group>"; };
		7737B5FE1D289DB000E36C3E /* HR教室-1.JPG */ = {isa = PBXFileReference; lastKnownFileType = image.jpeg; path = "HR教室-1.JPG"; sourceTree = "<group>"; };
		7737B5FF1D289DB000E36C3E /* プロジェクタ.JPG */ = {isa = PBXFileReference; lastKnownFileType = image.jpeg; path = "プロジェクタ.JPG"; sourceTree = "<group>"; };
		7737B6001D289DB000E36C3E /* 中庭（雨）.JPG */ = {isa = PBXFileReference; lastKnownFileType = image.jpeg; path = "中庭（雨）.JPG"; sourceTree = "<group>"; };
		7737B6011D289DB000E36C3E /* CIMG4038.JPG */ = {isa = PBXFileReference; lastKnownFileType = image.jpeg; path = CIMG4038.JPG; sourceTree = "<group>"; };
		7737B6021D289DB000E36C3E /* CIMG4039.JPG */ = {isa = PBXFileReference; lastKnownFileType = image.jpeg; path = CIMG4039.JPG; sourceTree = "<group>"; };
		7737B6031D289DB000E36C3E /* 第一コンピューター室.JPG */ = {isa = PBXFileReference; lastKnownFileType = image.jpeg; path = "第一コンピューター室.JPG"; sourceTree = "<group>"; };
		7737B6041D289DB000E36C3E /* CIMG4041.JPG */ = {isa = PBXFileReference; lastKnownFileType = image.jpeg; path = CIMG4041.JPG; sourceTree = "<group>"; };
		7737B6051D289DB000E36C3E /* CIMG4042.JPG */ = {isa = PBXFileReference; lastKnownFileType = image.jpeg; path = CIMG4042.JPG; sourceTree = "<group>"; };
		7737B6061D289DB000E36C3E /* 保健室.JPG */ = {isa = PBXFileReference; lastKnownFileType = image.jpeg; path = "保健室.JPG"; sourceTree = "<group>"; };
		7737B6071D289DB000E36C3E /* CIMG4044.JPG */ = {isa = PBXFileReference; lastKnownFileType = image.jpeg; path = CIMG4044.JPG; sourceTree = "<group>"; };
		7737B6081D289DB000E36C3E /* 事務室.JPG */ = {isa = PBXFileReference; lastKnownFileType = image.jpeg; path = "事務室.JPG"; sourceTree = "<group>"; };
		7737B6091D289DB000E36C3E /* CIMG4046.JPG */ = {isa = PBXFileReference; lastKnownFileType = image.jpeg; path = CIMG4046.JPG; sourceTree = "<group>"; };
		7737B60A1D289DB000E36C3E /* 第一体育館-6.JPG */ = {isa = PBXFileReference; lastKnownFileType = image.jpeg; path = "第一体育館-6.JPG"; sourceTree = "<group>"; };
		7737B60B1D289DB000E36C3E /* 馬の彫像.JPG */ = {isa = PBXFileReference; lastKnownFileType = image.jpeg; path = "馬の彫像.JPG"; sourceTree = "<group>"; };
		7737B60C1D289DB000E36C3E /* 高校等前.JPG */ = {isa = PBXFileReference; lastKnownFileType = image.jpeg; path = "高校等前.JPG"; sourceTree = "<group>"; };
		7737B60D1D289DB000E36C3E /* CIMG4052.JPG */ = {isa = PBXFileReference; lastKnownFileType = image.jpeg; path = CIMG4052.JPG; sourceTree = "<group>"; };
		7737B60E1D289DB000E36C3E /* 高校棟前.JPG */ = {isa = PBXFileReference; lastKnownFileType = image.jpeg; path = "高校棟前.JPG"; sourceTree = "<group>"; };
		7737B60F1D289DB000E36C3E /* CIMG4054.JPG */ = {isa = PBXFileReference; lastKnownFileType = image.jpeg; path = CIMG4054.JPG; sourceTree = "<group>"; };
		7737B6101D289DB000E36C3E /* CIMG4055.JPG */ = {isa = PBXFileReference; lastKnownFileType = image.jpeg; path = CIMG4055.JPG; sourceTree = "<group>"; };
		7737B6111D289DB000E36C3E /* 高校等前彫像.JPG */ = {isa = PBXFileReference; lastKnownFileType = image.jpeg; path = "高校等前彫像.JPG"; sourceTree = "<group>"; };
		7737B6121D289DB000E36C3E /* 自転車.JPG */ = {isa = PBXFileReference; lastKnownFileType = image.jpeg; path = "自転車.JPG"; sourceTree = "<group>"; };
		7737B6131D289DB000E36C3E /* 事務室前オブッジェ.JPG */ = {isa = PBXFileReference; lastKnownFileType = image.jpeg; path = "事務室前オブッジェ.JPG"; sourceTree = "<group>"; };
		7737B6141D289DB000E36C3E /* CIMG4059.JPG */ = {isa = PBXFileReference; lastKnownFileType = image.jpeg; path = CIMG4059.JPG; sourceTree = "<group>"; };
		7737B6151D289DB000E36C3E /* 事務室前の木.JPG */ = {isa = PBXFileReference; lastKnownFileType = image.jpeg; path = "事務室前の木.JPG"; sourceTree = "<group>"; };
		7737B6161D289DB000E36C3E /* CIMG4061.JPG */ = {isa = PBXFileReference; lastKnownFileType = image.jpeg; path = CIMG4061.JPG; sourceTree = "<group>"; };
		7737B6171D289DB000E36C3E /* CIMG4062.JPG */ = {isa = PBXFileReference; lastKnownFileType = image.jpeg; path = CIMG4062.JPG; sourceTree = "<group>"; };
		7737B6181D289DB000E36C3E /* CIMG4063.JPG */ = {isa = PBXFileReference; lastKnownFileType = image.jpeg; path = CIMG4063.JPG; sourceTree = "<group>"; };
		7737B6191D289DB000E36C3E /* 購買.JPG */ = {isa = PBXFileReference; lastKnownFileType = image.jpeg; path = "購買.JPG"; sourceTree = "<group>"; };
		7737B61A1D289DB000E36C3E /* 購買注文所.JPG */ = {isa = PBXFileReference; lastKnownFileType = image.jpeg; path = "購買注文所.JPG"; sourceTree = "<group>"; };
		7737B61B1D289DB000E36C3E /* CIMG4066.JPG */ = {isa = PBXFileReference; lastKnownFileType = image.jpeg; path = CIMG4066.JPG; sourceTree = "<group>"; };
		7737B61C1D289DB000E36C3E /* CIMG4067.JPG */ = {isa = PBXFileReference; lastKnownFileType = image.jpeg; path = CIMG4067.JPG; sourceTree = "<group>"; };
		7737B61D1D289DB000E36C3E /* CIMG4068.JPG */ = {isa = PBXFileReference; lastKnownFileType = image.jpeg; path = CIMG4068.JPG; sourceTree = "<group>"; };
		7737B61E1D289DB100E36C3E /* CIMG4069.JPG */ = {isa = PBXFileReference; lastKnownFileType = image.jpeg; path = CIMG4069.JPG; sourceTree = "<group>"; };
		7737B61F1D289DB100E36C3E /* 中庭.JPG */ = {isa = PBXFileReference; lastKnownFileType = image.jpeg; path = "中庭.JPG"; sourceTree = "<group>"; };
		7737B6211D289DB100E36C3E /* CIMG4072.JPG */ = {isa = PBXFileReference; lastKnownFileType = image.jpeg; path = CIMG4072.JPG; sourceTree = "<group>"; };
		7737B6221D289DB100E36C3E /* 柔道場qドァ.JPG */ = {isa = PBXFileReference; lastKnownFileType = image.jpeg; path = "柔道場qドァ.JPG"; sourceTree = "<group>"; };
		7737B6231D289DB100E36C3E /* 柔道場.JPG */ = {isa = PBXFileReference; lastKnownFileType = image.jpeg; path = "柔道場.JPG"; sourceTree = "<group>"; };
		7737B6241D289DB100E36C3E /* CIMG4075.JPG */ = {isa = PBXFileReference; lastKnownFileType = image.jpeg; path = CIMG4075.JPG; sourceTree = "<group>"; };
		7737B6251D289DB100E36C3E /* CIMG4076.JPG */ = {isa = PBXFileReference; lastKnownFileType = image.jpeg; path = CIMG4076.JPG; sourceTree = "<group>"; };
		7737B6261D289DB100E36C3E /* あwっd.JPG */ = {isa = PBXFileReference; lastKnownFileType = image.jpeg; path = "あwっd.JPG"; sourceTree = "<group>"; };
		7737B6271D289DB100E36C3E /* CIMG4078.JPG */ = {isa = PBXFileReference; lastKnownFileType = image.jpeg; path = CIMG4078.JPG; sourceTree = "<group>"; };
		7737B6281D289DB100E36C3E /* 剣道場.JPG */ = {isa = PBXFileReference; lastKnownFileType = image.jpeg; path = "剣道場.JPG"; sourceTree = "<group>"; };
		7737B6291D289DB100E36C3E /* プール.JPG */ = {isa = PBXFileReference; lastKnownFileType = image.jpeg; path = "プール.JPG"; sourceTree = "<group>"; };
		7737B62A1D289DB100E36C3E /* CIMG4081.JPG */ = {isa = PBXFileReference; lastKnownFileType = image.jpeg; path = CIMG4081.JPG; sourceTree = "<group>"; };
		7737B62B1D289DB100E36C3E /* CIMG4082.JPG */ = {isa = PBXFileReference; lastKnownFileType = image.jpeg; path = CIMG4082.JPG; sourceTree = "<group>"; };
		7737B62C1D289DB100E36C3E /* CIMG4083.JPG */ = {isa = PBXFileReference; lastKnownFileType = image.jpeg; path = CIMG4083.JPG; sourceTree = "<group>"; };
		7737B62D1D289DB100E36C3E /* CIMG4084.JPG */ = {isa = PBXFileReference; lastKnownFileType = image.jpeg; path = CIMG4084.JPG; sourceTree = "<group>"; };
		7737B62E1D289DB100E36C3E /* ラグビー場.JPG */ = {isa = PBXFileReference; lastKnownFileType = image.jpeg; path = "ラグビー場.JPG"; sourceTree = "<group>"; };
		7737B62F1D289DB100E36C3E /* CIMG4086.JPG */ = {isa = PBXFileReference; lastKnownFileType = image.jpeg; path = CIMG4086.JPG; sourceTree = "<group>"; };
		7737B6301D289DB100E36C3E /* CIMG4087.JPG */ = {isa = PBXFileReference; lastKnownFileType = image.jpeg; path = CIMG4087.JPG; sourceTree = "<group>"; };
		7737B6311D289DB100E36C3E /* 無線斑の電波塔.JPG */ = {isa = PBXFileReference; lastKnownFileType = image.jpeg; path = "無線斑の電波塔.JPG"; sourceTree = "<group>"; };
		7737B6321D289DB100E36C3E /* ひたち野うしく.jpg */ = {isa = PBXFileReference; lastKnownFileType = image.jpeg; name = "ひたち野うしく.jpg"; path = "見学用写真/ひたち野うしく.jpg"; sourceTree = "<group>"; };
		7737B6331D289DB100E36C3E /* 研究学園.jpg */ = {isa = PBXFileReference; lastKnownFileType = image.jpeg; name = "研究学園.jpg"; path = "見学用写真/研究学園.jpg"; sourceTree = "<group>"; };
		773924871D01B28E00531DFC /* UITableViewController.swift */ = {isa = PBXFileReference; fileEncoding = 4; lastKnownFileType = sourcecode.swift; path = UITableViewController.swift; sourceTree = "<group>"; };
		774D2D341D1E1F5300CB21DB /* BusTimePictureViewController.swift */ = {isa = PBXFileReference; fileEncoding = 4; lastKnownFileType = sourcecode.swift; path = BusTimePictureViewController.swift; sourceTree = "<group>"; };
		775BC97C1D27608F0005B14F /* koutsuuViewController.swift */ = {isa = PBXFileReference; fileEncoding = 4; lastKnownFileType = sourcecode.swift; path = koutsuuViewController.swift; sourceTree = "<group>"; };
		7765EF691D181A280097B835 /* BusTimeViewController.swift */ = {isa = PBXFileReference; fileEncoding = 4; lastKnownFileType = sourcecode.swift; path = BusTimeViewController.swift; sourceTree = "<group>"; };
		77744B2F1CCA3EE600D4024A /* logo_meikeiのコピー.png */ = {isa = PBXFileReference; lastKnownFileType = image.png; path = "logo_meikeiのコピー.png"; sourceTree = "<group>"; };
		77744B331CCA478C00D4024A /* mmd.png */ = {isa = PBXFileReference; lastKnownFileType = image.png; name = mmd.png; path = ../mmd.png; sourceTree = "<group>"; };
		77845B0C1D5B2A23003C60D5 /* トレーナー室.JPG */ = {isa = PBXFileReference; lastKnownFileType = image.jpeg; path = "トレーナー室.JPG"; sourceTree = "<group>"; };
		77845B0D1D5B2A23003C60D5 /* 校長室前廊下.JPG */ = {isa = PBXFileReference; lastKnownFileType = image.jpeg; path = "校長室前廊下.JPG"; sourceTree = "<group>"; };
		77845B0E1D5B2A23003C60D5 /* 皇帝.JPG */ = {isa = PBXFileReference; lastKnownFileType = image.jpeg; path = "皇帝.JPG"; sourceTree = "<group>"; };
		77845B0F1D5B2A23003C60D5 /* CIMG4359.JPG */ = {isa = PBXFileReference; lastKnownFileType = image.jpeg; path = CIMG4359.JPG; sourceTree = "<group>"; };
		77845B101D5B2A23003C60D5 /* CIMG4360.JPG */ = {isa = PBXFileReference; lastKnownFileType = image.jpeg; path = CIMG4360.JPG; sourceTree = "<group>"; };
		77845B111D5B2A24003C60D5 /* 音楽室.JPG */ = {isa = PBXFileReference; lastKnownFileType = image.jpeg; path = "音楽室.JPG"; sourceTree = "<group>"; };
		77845B121D5B2A24003C60D5 /* 音楽室2.JPG */ = {isa = PBXFileReference; lastKnownFileType = image.jpeg; path = "音楽室2.JPG"; sourceTree = "<group>"; };
		77845B1A1D5B2C09003C60D5 /* トレーナ室.JPG */ = {isa = PBXFileReference; lastKnownFileType = image.jpeg; path = "トレーナ室.JPG"; sourceTree = "<group>"; };
		77845B1C1D5B2C59003C60D5 /* 相談.JPG */ = {isa = PBXFileReference; lastKnownFileType = image.jpeg; path = "相談.JPG"; sourceTree = "<group>"; };
		7785B46A1D6D9B95000FD944 /* android-chrome-192x192.png */ = {isa = PBXFileReference; lastKnownFileType = image.png; path = "android-chrome-192x192.png"; sourceTree = "<group>"; };
		7789AC411D6FD2D800CACFC5 /* QRcode-第一体育館.jpg */ = {isa = PBXFileReference; lastKnownFileType = image.jpeg; path = "QRcode-第一体育館.jpg"; sourceTree = "<group>"; };
		77B276F41D4C9A3C0010EF44 /* Default-568h@2x.png */ = {isa = PBXFileReference; lastKnownFileType = image.png; path = "Default-568h@2x.png"; sourceTree = "<group>"; };
		77B276F51D4C9A3C0010EF44 /* Default-667h@2x.png */ = {isa = PBXFileReference; lastKnownFileType = image.png; path = "Default-667h@2x.png"; sourceTree = "<group>"; };
		77B276F61D4C9A3C0010EF44 /* Default-736h@3x.png */ = {isa = PBXFileReference; lastKnownFileType = image.png; path = "Default-736h@3x.png"; sourceTree = "<group>"; };
		77B276F71D4C9A3C0010EF44 /* Default.png */ = {isa = PBXFileReference; lastKnownFileType = image.png; path = Default.png; sourceTree = "<group>"; };
		77B276F81D4C9A3C0010EF44 /* Default@2x.png */ = {isa = PBXFileReference; lastKnownFileType = image.png; path = "Default@2x.png"; sourceTree = "<group>"; };
		77B2ECFB1CDEE84700665F95 /* AccessUIserchViewController.swift */ = {isa = PBXFileReference; fileEncoding = 4; lastKnownFileType = sourcecode.swift; path = AccessUIserchViewController.swift; sourceTree = "<group>"; };
		77C50C481D16679D00A83F4D /* UITableViewSyousaiViewController.swift */ = {isa = PBXFileReference; fileEncoding = 4; lastKnownFileType = sourcecode.swift; path = UITableViewSyousaiViewController.swift; sourceTree = "<group>"; };
		77EF7EA81CAF8E9A0071347A /* kojikenn.app */ = {isa = PBXFileReference; explicitFileType = wrapper.application; includeInIndex = 0; path = kojikenn.app; sourceTree = BUILT_PRODUCTS_DIR; };
		77EF7EAB1CAF8E9A0071347A /* AppDelegate.swift */ = {isa = PBXFileReference; lastKnownFileType = sourcecode.swift; path = AppDelegate.swift; sourceTree = "<group>"; };
		77EF7EAD1CAF8E9A0071347A /* QRCodeViewController.swift */ = {isa = PBXFileReference; lastKnownFileType = sourcecode.swift; path = QRCodeViewController.swift; sourceTree = "<group>"; };
		77EF7EB01CAF8E9A0071347A /* Base */ = {isa = PBXFileReference; lastKnownFileType = file.storyboard; name = Base; path = Base.lproj/Main.storyboard; sourceTree = "<group>"; };
		77EF7EB21CAF8E9A0071347A /* Assets.xcassets */ = {isa = PBXFileReference; lastKnownFileType = folder.assetcatalog; path = Assets.xcassets; sourceTree = "<group>"; };
		77EF7EB51CAF8E9A0071347A /* Base */ = {isa = PBXFileReference; lastKnownFileType = file.storyboard; name = Base; path = Base.lproj/LaunchScreen.storyboard; sourceTree = "<group>"; };
		77EF7EB71CAF8E9A0071347A /* Info.plist */ = {isa = PBXFileReference; lastKnownFileType = text.plist.xml; path = Info.plist; sourceTree = "<group>"; };
		77EF7EBC1CAF8E9A0071347A /* kojikennTests.xctest */ = {isa = PBXFileReference; explicitFileType = wrapper.cfbundle; includeInIndex = 0; path = kojikennTests.xctest; sourceTree = BUILT_PRODUCTS_DIR; };
		77EF7EC01CAF8E9A0071347A /* kojikennTests.swift */ = {isa = PBXFileReference; lastKnownFileType = sourcecode.swift; path = kojikennTests.swift; sourceTree = "<group>"; };
		77EF7EC21CAF8E9A0071347A /* Info.plist */ = {isa = PBXFileReference; lastKnownFileType = text.plist.xml; path = Info.plist; sourceTree = "<group>"; };
		77EF7EC71CAF8E9A0071347A /* kojikennUITests.xctest */ = {isa = PBXFileReference; explicitFileType = wrapper.cfbundle; includeInIndex = 0; path = kojikennUITests.xctest; sourceTree = BUILT_PRODUCTS_DIR; };
		77EF7ECB1CAF8E9A0071347A /* kojikennUITests.swift */ = {isa = PBXFileReference; lastKnownFileType = sourcecode.swift; path = kojikennUITests.swift; sourceTree = "<group>"; };
		77EF7ECD1CAF8E9A0071347A /* Info.plist */ = {isa = PBXFileReference; lastKnownFileType = text.plist.xml; path = Info.plist; sourceTree = "<group>"; };
		77F044DC1CDEFF2D00A8FB55 /* 交通案内.jpg */ = {isa = PBXFileReference; lastKnownFileType = image.jpeg; path = "交通案内.jpg"; sourceTree = "<group>"; };
		77FBA8831CB0E1DD000C7ABD /* 茗溪　ロゴ.jpg */ = {isa = PBXFileReference; lastKnownFileType = image.jpeg; path = "茗溪　ロゴ.jpg"; sourceTree = "<group>"; };
		77FBA8871CB0E6D9000C7ABD /* StartViewController.swift */ = {isa = PBXFileReference; fileEncoding = 4; lastKnownFileType = sourcecode.swift; path = StartViewController.swift; sourceTree = "<group>"; };
		77FBA8891CB0E837000C7ABD /* SecondViewController.swift */ = {isa = PBXFileReference; fileEncoding = 4; lastKnownFileType = sourcecode.swift; path = SecondViewController.swift; sourceTree = "<group>"; };
		77FBA88B1CB0F130000C7ABD /* OptionViewController.swift */ = {isa = PBXFileReference; fileEncoding = 4; lastKnownFileType = sourcecode.swift; path = OptionViewController.swift; sourceTree = "<group>"; };
/* End PBXFileReference section */

/* Begin PBXFrameworksBuildPhase section */
		77EF7EA51CAF8E9A0071347A /* Frameworks */ = {
			isa = PBXFrameworksBuildPhase;
			buildActionMask = 2147483647;
			files = (
			);
			runOnlyForDeploymentPostprocessing = 0;
		};
		77EF7EB91CAF8E9A0071347A /* Frameworks */ = {
			isa = PBXFrameworksBuildPhase;
			buildActionMask = 2147483647;
			files = (
			);
			runOnlyForDeploymentPostprocessing = 0;
		};
		77EF7EC41CAF8E9A0071347A /* Frameworks */ = {
			isa = PBXFrameworksBuildPhase;
			buildActionMask = 2147483647;
			files = (
			);
			runOnlyForDeploymentPostprocessing = 0;
		};
/* End PBXFrameworksBuildPhase section */

/* Begin PBXGroup section */
		7737B5B71D289DB000E36C3E /* 見学用写真 */ = {
			isa = PBXGroup;
			children = (
				7708CEE51D4E1F2B00B2FE94 /* CIMG4202.JPG */,
				7708CEE61D4E1F2B00B2FE94 /* 寮.JPG */,
				77845B0C1D5B2A23003C60D5 /* トレーナー室.JPG */,
				77845B0D1D5B2A23003C60D5 /* 校長室前廊下.JPG */,
				77845B0E1D5B2A23003C60D5 /* 皇帝.JPG */,
				77845B1C1D5B2C59003C60D5 /* 相談.JPG */,
				77845B0F1D5B2A23003C60D5 /* CIMG4359.JPG */,
				77845B1A1D5B2C09003C60D5 /* トレーナ室.JPG */,
				77845B101D5B2A23003C60D5 /* CIMG4360.JPG */,
				77845B111D5B2A24003C60D5 /* 音楽室.JPG */,
				77845B121D5B2A24003C60D5 /* 音楽室2.JPG */,
				7708CEE71D4E1F2B00B2FE94 /* CIMG4204.JPG */,
				7708CEE81D4E1F2B00B2FE94 /* 寮門前.JPG */,
				7708CEE91D4E1F2B00B2FE94 /* CIMG4206.JPG */,
				7708CEEA1D4E1F2B00B2FE94 /* 食堂前.JPG */,
				7708CEEB1D4E1F2B00B2FE94 /* CIMG4208.JPG */,
				7737B5B81D289DB000E36C3E /* 6方面-2.jpg */,
				7737B5B91D289DB000E36C3E /* 6方面-3.jpg */,
				7737B5BA1D289DB000E36C3E /* 6方面.jpg */,
				7737B5BB1D289DB000E36C3E /* 第一体育館.JPG */,
				7737B5BC1D289DB000E36C3E /* 第一体育館-2.JPG */,
				7737B5BD1D289DB000E36C3E /* 第一体育館-3.JPG */,
				7737B5BE1D289DB000E36C3E /* 第一体育館-４.JPG */,
				7737B5BF1D289DB000E36C3E /* 第一体育館-５.JPG */,
				7737B5C01D289DB000E36C3E /* ピット.JPG */,
				7737B5C11D289DB000E36C3E /* 第二体育館.JPG */,
				7737B5C21D289DB000E36C3E /* 第二体育館-2.JPG */,
				7737B5C31D289DB000E36C3E /* 第二体育館-3.JPG */,
				7737B5C41D289DB000E36C3E /* トレーナー室.JPG */,
				7737B5C51D289DB000E36C3E /* ショーケース.JPG */,
				7737B5C61D289DB000E36C3E /* ショーケース.JPG */,
				7737B5C71D289DB000E36C3E /* 電気釜.JPG */,
				7737B5C81D289DB000E36C3E /* 電気釜.JPG */,
				7737B5C91D289DB000E36C3E /* 第二美術室.JPG */,
				7737B5CA1D289DB000E36C3E /* コモンスペース１.JPG */,
				7737B5CB1D289DB000E36C3E /* コモンスペース.JPG */,
				7737B5CC1D289DB000E36C3E /* コモンスペース２.JPG */,
				7737B5CD1D289DB000E36C3E /* コモンスペース２-2.JPG */,
				7737B5CE1D289DB000E36C3E /* CIMG3987.JPG */,
				7737B5CF1D289DB000E36C3E /* 高校職員室前.JPG */,
				7737B5D01D289DB000E36C3E /* 陶芸.JPG */,
				7737B5D11D289DB000E36C3E /* 陶芸-2.JPG */,
				7737B5D21D289DB000E36C3E /* 陶芸-3.JPG */,
				7737B5D31D289DB000E36C3E /* 巻物.JPG */,
				7737B5D41D289DB000E36C3E /* 二人の天使.JPG */,
				7737B5D51D289DB000E36C3E /* 二人の天使-2.JPG */,
				7737B5D61D289DB000E36C3E /* トイレ.JPG */,
				7737B5D71D289DB000E36C3E /* トイレ中.JPG */,
				7737B5D81D289DB000E36C3E /* 生物実験室.JPG */,
				7737B5D91D289DB000E36C3E /* 顕微鏡.JPG */,
				7737B5DA1D289DB000E36C3E /* シラバス.JPG */,
				7737B5DB1D289DB000E36C3E /* 個人研.JPG */,
				7737B5DC1D289DB000E36C3E /* 個人研.JPG */,
				7737B5DD1D289DB000E36C3E /* 進路資料室.JPG */,
				7737B5DE1D289DB000E36C3E /* 大教室前絵画.JPG */,
				7737B5DF1D289DB000E36C3E /* 大教室前絵画.JPG */,
				7737B5E01D289DB000E36C3E /* 図書室.−１JPG */,
				7737B5E11D289DB000E36C3E /* 図書室.JPG */,
				7737B5E21D289DB000E36C3E /* 交流校.jpg */,
				7737B5E31D289DB000E36C3E /* 交流校.JPG */,
				7737B5E41D289DB000E36C3E /* 星出さん.JPG */,
				7737B5E51D289DB000E36C3E /* 星出さん.JPG */,
				7737B5E61D289DB000E36C3E /* 星出さん.JPG */,
				7737B5E71D289DB000E36C3E /* 岩窟の天使.JPG */,
				7737B5E81D289DB000E36C3E /* 岩窟の天使.JPG */,
				7737B5E91D289DB000E36C3E /* 石像.JPG */,
				7737B5EA1D289DB000E36C3E /* CIMG4015.JPG */,
				7737B5EB1D289DB000E36C3E /* CIMG4016.JPG */,
				7737B5EC1D289DB000E36C3E /* CIMG4017.JPG */,
				7737B5ED1D289DB000E36C3E /* 101教室.JPG */,
				7737B5EE1D289DB000E36C3E /* 書道室.JPG */,
				7737B5EF1D289DB000E36C3E /* CIMG4020.JPG */,
				7737B5F01D289DB000E36C3E /* 顕微鏡.JPG */,
				7737B5F11D289DB000E36C3E /* 生物室の機械.JPG */,
				7737B5F21D289DB000E36C3E /* 生物室の機械-1.JPG */,
				7737B5F31D289DB000E36C3E /* 生物室廊下.JPG */,
				7737B5F41D289DB000E36C3E /* CIMG4025生物室廊下-1.JPG */,
				7737B5F51D289DB000E36C3E /* 第一AVE前.JPG */,
				7737B5F61D289DB000E36C3E /* コモンスペース.JPG */,
				7708CEF31D4E2DBA00B2FE94 /* コモンスペース1.JPG */,
				7737B5F71D289DB000E36C3E /* セミナー室.JPG */,
				7737B5F81D289DB000E36C3E /* 第一美術室.JPG */,
				7737B5F91D289DB000E36C3E /* 第一美術室-1.JPG */,
				7737B5FA1D289DB000E36C3E /* 第一美術室-2.JPG */,
				7737B5FB1D289DB000E36C3E /* 第一美術室-3.JPG */,
				7737B5FC1D289DB000E36C3E /* 第三美術室.JPG */,
				7737B5FD1D289DB000E36C3E /* HR教室.JPG */,
				7737B5FE1D289DB000E36C3E /* HR教室-1.JPG */,
				7737B5FF1D289DB000E36C3E /* プロジェクタ.JPG */,
				7737B6001D289DB000E36C3E /* 中庭（雨）.JPG */,
				7737B6011D289DB000E36C3E /* CIMG4038.JPG */,
				7737B6021D289DB000E36C3E /* CIMG4039.JPG */,
				7737B6031D289DB000E36C3E /* 第一コンピューター室.JPG */,
				7737B6041D289DB000E36C3E /* CIMG4041.JPG */,
				7737B6051D289DB000E36C3E /* CIMG4042.JPG */,
				7737B6061D289DB000E36C3E /* 保健室.JPG */,
				7737B6071D289DB000E36C3E /* CIMG4044.JPG */,
				7737B6081D289DB000E36C3E /* 事務室.JPG */,
				7737B6091D289DB000E36C3E /* CIMG4046.JPG */,
				7737B60A1D289DB000E36C3E /* 第一体育館-6.JPG */,
				7737B60B1D289DB000E36C3E /* 馬の彫像.JPG */,
				7737B60C1D289DB000E36C3E /* 高校等前.JPG */,
				7737B60D1D289DB000E36C3E /* CIMG4052.JPG */,
				7737B60E1D289DB000E36C3E /* 高校棟前.JPG */,
				7737B60F1D289DB000E36C3E /* CIMG4054.JPG */,
				7737B6101D289DB000E36C3E /* CIMG4055.JPG */,
				7737B6111D289DB000E36C3E /* 高校等前彫像.JPG */,
				7737B6121D289DB000E36C3E /* 自転車.JPG */,
				7737B6131D289DB000E36C3E /* 事務室前オブッジェ.JPG */,
				7737B6141D289DB000E36C3E /* CIMG4059.JPG */,
				7737B6151D289DB000E36C3E /* 事務室前の木.JPG */,
				7737B6161D289DB000E36C3E /* CIMG4061.JPG */,
				7737B6171D289DB000E36C3E /* CIMG4062.JPG */,
				7737B6181D289DB000E36C3E /* CIMG4063.JPG */,
				7737B6191D289DB000E36C3E /* 購買.JPG */,
				7737B61A1D289DB000E36C3E /* 購買注文所.JPG */,
				7737B61B1D289DB000E36C3E /* CIMG4066.JPG */,
				7737B61C1D289DB000E36C3E /* CIMG4067.JPG */,
				7737B61D1D289DB000E36C3E /* CIMG4068.JPG */,
				7737B61E1D289DB100E36C3E /* CIMG4069.JPG */,
				7737B61F1D289DB100E36C3E /* 中庭.JPG */,
				7737B6211D289DB100E36C3E /* CIMG4072.JPG */,
				7737B6221D289DB100E36C3E /* 柔道場qドァ.JPG */,
				7737B6231D289DB100E36C3E /* 柔道場.JPG */,
				7737B6241D289DB100E36C3E /* CIMG4075.JPG */,
				7737B6251D289DB100E36C3E /* CIMG4076.JPG */,
				7737B6261D289DB100E36C3E /* あwっd.JPG */,
				7737B6271D289DB100E36C3E /* CIMG4078.JPG */,
				7737B6281D289DB100E36C3E /* 剣道場.JPG */,
				7737B6291D289DB100E36C3E /* プール.JPG */,
				7737B62A1D289DB100E36C3E /* CIMG4081.JPG */,
				7737B62B1D289DB100E36C3E /* CIMG4082.JPG */,
				7737B62C1D289DB100E36C3E /* CIMG4083.JPG */,
				7737B62D1D289DB100E36C3E /* CIMG4084.JPG */,
				7737B62E1D289DB100E36C3E /* ラグビー場.JPG */,
				7737B62F1D289DB100E36C3E /* CIMG4086.JPG */,
				7737B6301D289DB100E36C3E /* CIMG4087.JPG */,
				7737B6311D289DB100E36C3E /* 無線斑の電波塔.JPG */,
			);
			path = "見学用写真";
			sourceTree = "<group>";
		};
		77B276F31D4C99D30010EF44 /* Defaults */ = {
			isa = PBXGroup;
			children = (
				77B276F41D4C9A3C0010EF44 /* Default-568h@2x.png */,
				77B276F51D4C9A3C0010EF44 /* Default-667h@2x.png */,
				77B276F61D4C9A3C0010EF44 /* Default-736h@3x.png */,
				77B276F71D4C9A3C0010EF44 /* Default.png */,
				77B276F81D4C9A3C0010EF44 /* Default@2x.png */,
			);
			path = Defaults;
			sourceTree = "<group>";
		};
		77EF7E9F1CAF8E9A0071347A = {
			isa = PBXGroup;
			children = (
				77EF7EAA1CAF8E9A0071347A /* kojikenn */,
				77EF7EBF1CAF8E9A0071347A /* kojikennTests */,
				77EF7ECA1CAF8E9A0071347A /* kojikennUITests */,
				77EF7EA91CAF8E9A0071347A /* Products */,
			);
			sourceTree = "<group>";
		};
		77EF7EA91CAF8E9A0071347A /* Products */ = {
			isa = PBXGroup;
			children = (
				77EF7EA81CAF8E9A0071347A /* kojikenn.app */,
				77EF7EBC1CAF8E9A0071347A /* kojikennTests.xctest */,
				77EF7EC71CAF8E9A0071347A /* kojikennUITests.xctest */,
			);
			name = Products;
			sourceTree = "<group>";
		};
		77EF7EAA1CAF8E9A0071347A /* kojikenn */ = {
			isa = PBXGroup;
			children = (
				77B276F31D4C99D30010EF44 /* Defaults */,
				77EF7EAB1CAF8E9A0071347A /* AppDelegate.swift */,
				77EF7EAD1CAF8E9A0071347A /* QRCodeViewController.swift */,
				77FBA8871CB0E6D9000C7ABD /* StartViewController.swift */,
				77FBA8891CB0E837000C7ABD /* SecondViewController.swift */,
				77FBA88B1CB0F130000C7ABD /* OptionViewController.swift */,
				77B2ECFB1CDEE84700665F95 /* AccessUIserchViewController.swift */,
				773924871D01B28E00531DFC /* UITableViewController.swift */,
				77C50C481D16679D00A83F4D /* UITableViewSyousaiViewController.swift */,
				7765EF691D181A280097B835 /* BusTimeViewController.swift */,
				774D2D341D1E1F5300CB21DB /* BusTimePictureViewController.swift */,
				775BC97C1D27608F0005B14F /* koutsuuViewController.swift */,
				77EF7EAF1CAF8E9A0071347A /* Main.storyboard */,
				7789AC411D6FD2D800CACFC5 /* QRcode-第一体育館.jpg */,
				7785B46A1D6D9B95000FD944 /* android-chrome-192x192.png */,
				7737B5B71D289DB000E36C3E /* 見学用写真 */,
				77F044DC1CDEFF2D00A8FB55 /* 交通案内.jpg */,
				7714D2BC1D573E9F00CF348D /* icon_002751_256.jpg */,
				7714D2BA1D573DD500CF348D /* icon_027123_256.jpg */,
				7714D2B81D57385500CF348D /* スクリーンショット 2016-08-07 18.34.53.png */,
				7714D2B61D5730B000CF348D /* c7f06ee3.jpg */,
				77744B2F1CCA3EE600D4024A /* logo_meikeiのコピー.png */,
				77744B331CCA478C00D4024A /* mmd.png */,
				77FBA8831CB0E1DD000C7ABD /* 茗溪　ロゴ.jpg */,
				7737B6321D289DB100E36C3E /* ひたち野うしく.jpg */,
				7737B6331D289DB100E36C3E /* 研究学園.jpg */,
				77EF7EB21CAF8E9A0071347A /* Assets.xcassets */,
				77EF7EB41CAF8E9A0071347A /* LaunchScreen.storyboard */,
				77EF7EB71CAF8E9A0071347A /* Info.plist */,
			);
			path = kojikenn;
			sourceTree = "<group>";
		};
		77EF7EBF1CAF8E9A0071347A /* kojikennTests */ = {
			isa = PBXGroup;
			children = (
				77EF7EC01CAF8E9A0071347A /* kojikennTests.swift */,
				77EF7EC21CAF8E9A0071347A /* Info.plist */,
			);
			path = kojikennTests;
			sourceTree = "<group>";
		};
		77EF7ECA1CAF8E9A0071347A /* kojikennUITests */ = {
			isa = PBXGroup;
			children = (
				77EF7ECB1CAF8E9A0071347A /* kojikennUITests.swift */,
				77EF7ECD1CAF8E9A0071347A /* Info.plist */,
			);
			path = kojikennUITests;
			sourceTree = "<group>";
		};
/* End PBXGroup section */

/* Begin PBXNativeTarget section */
		77EF7EA71CAF8E9A0071347A /* kojikenn */ = {
			isa = PBXNativeTarget;
			buildConfigurationList = 77EF7ED01CAF8E9A0071347A /* Build configuration list for PBXNativeTarget "kojikenn" */;
			buildPhases = (
				77EF7EA41CAF8E9A0071347A /* Sources */,
				77EF7EA51CAF8E9A0071347A /* Frameworks */,
				77EF7EA61CAF8E9A0071347A /* Resources */,
			);
			buildRules = (
			);
			dependencies = (
			);
			name = kojikenn;
			productName = kojikenn;
			productReference = 77EF7EA81CAF8E9A0071347A /* kojikenn.app */;
			productType = "com.apple.product-type.application";
		};
		77EF7EBB1CAF8E9A0071347A /* kojikennTests */ = {
			isa = PBXNativeTarget;
			buildConfigurationList = 77EF7ED31CAF8E9A0071347A /* Build configuration list for PBXNativeTarget "kojikennTests" */;
			buildPhases = (
				77EF7EB81CAF8E9A0071347A /* Sources */,
				77EF7EB91CAF8E9A0071347A /* Frameworks */,
				77EF7EBA1CAF8E9A0071347A /* Resources */,
			);
			buildRules = (
			);
			dependencies = (
				77EF7EBE1CAF8E9A0071347A /* PBXTargetDependency */,
			);
			name = kojikennTests;
			productName = kojikennTests;
			productReference = 77EF7EBC1CAF8E9A0071347A /* kojikennTests.xctest */;
			productType = "com.apple.product-type.bundle.unit-test";
		};
		77EF7EC61CAF8E9A0071347A /* kojikennUITests */ = {
			isa = PBXNativeTarget;
			buildConfigurationList = 77EF7ED61CAF8E9A0071347A /* Build configuration list for PBXNativeTarget "kojikennUITests" */;
			buildPhases = (
				77EF7EC31CAF8E9A0071347A /* Sources */,
				77EF7EC41CAF8E9A0071347A /* Frameworks */,
				77EF7EC51CAF8E9A0071347A /* Resources */,
			);
			buildRules = (
			);
			dependencies = (
				77EF7EC91CAF8E9A0071347A /* PBXTargetDependency */,
			);
			name = kojikennUITests;
			productName = kojikennUITests;
			productReference = 77EF7EC71CAF8E9A0071347A /* kojikennUITests.xctest */;
			productType = "com.apple.product-type.bundle.ui-testing";
		};
/* End PBXNativeTarget section */

/* Begin PBXProject section */
		77EF7EA01CAF8E9A0071347A /* Project object */ = {
			isa = PBXProject;
			attributes = {
				LastSwiftUpdateCheck = 0710;
				LastUpgradeCheck = 0710;
				ORGANIZATIONNAME = "norihiko tokoro";
				TargetAttributes = {
					77EF7EA71CAF8E9A0071347A = {
						CreatedOnToolsVersion = 7.1;
						DevelopmentTeam = 8Q46758X4P;
					};
					77EF7EBB1CAF8E9A0071347A = {
						CreatedOnToolsVersion = 7.1;
						TestTargetID = 77EF7EA71CAF8E9A0071347A;
					};
					77EF7EC61CAF8E9A0071347A = {
						CreatedOnToolsVersion = 7.1;
						TestTargetID = 77EF7EA71CAF8E9A0071347A;
					};
				};
			};
			buildConfigurationList = 77EF7EA31CAF8E9A0071347A /* Build configuration list for PBXProject "kojikenn" */;
			compatibilityVersion = "Xcode 3.2";
			developmentRegion = English;
			hasScannedForEncodings = 0;
			knownRegions = (
				en,
				Base,
			);
			mainGroup = 77EF7E9F1CAF8E9A0071347A;
			productRefGroup = 77EF7EA91CAF8E9A0071347A /* Products */;
			projectDirPath = "";
			projectRoot = "";
			targets = (
				77EF7EA71CAF8E9A0071347A /* kojikenn */,
				77EF7EBB1CAF8E9A0071347A /* kojikennTests */,
				77EF7EC61CAF8E9A0071347A /* kojikennUITests */,
			);
		};
/* End PBXProject section */

/* Begin PBXResourcesBuildPhase section */
		77EF7EA61CAF8E9A0071347A /* Resources */ = {
			isa = PBXResourcesBuildPhase;
			buildActionMask = 2147483647;
			files = (
				7737B6971D289DB100E36C3E /* CIMG4066.JPG in Resources */,
				7737B6821D289DB100E36C3E /* 保健室.JPG in Resources */,
				7737B6AE1D289DB100E36C3E /* ひたち野うしく.jpg in Resources */,
				7737B6481D289DB100E36C3E /* コモンスペース２.JPG in Resources */,
				7737B6781D289DB100E36C3E /* 第三美術室.JPG in Resources */,
				7737B6341D289DB100E36C3E /* 6方面-2.jpg in Resources */,
				7737B6AB1D289DB100E36C3E /* CIMG4086.JPG in Resources */,
				7737B67D1D289DB100E36C3E /* CIMG4038.JPG in Resources */,
				7737B66C1D289DB100E36C3E /* 顕微鏡.JPG in Resources */,
				7737B6771D289DB100E36C3E /* 第一美術室-3.JPG in Resources */,
				7737B6911D289DB100E36C3E /* 事務室前の木.JPG in Resources */,
				7737B69B1D289DB100E36C3E /* 中庭.JPG in Resources */,
				7737B6471D289DB100E36C3E /* コモンスペース.JPG in Resources */,
				7737B69D1D289DB100E36C3E /* CIMG4072.JPG in Resources */,
				7708CEEC1D4E1F2B00B2FE94 /* CIMG4202.JPG in Resources */,
				7737B6AC1D289DB100E36C3E /* CIMG4087.JPG in Resources */,
				7737B6AF1D289DB100E36C3E /* 研究学園.jpg in Resources */,
				77845B151D5B2A24003C60D5 /* 皇帝.JPG in Resources */,
				7737B69F1D289DB100E36C3E /* 柔道場.JPG in Resources */,
				7737B6851D289DB100E36C3E /* CIMG4046.JPG in Resources */,
				7737B68C1D289DB100E36C3E /* CIMG4055.JPG in Resources */,
				7737B6681D289DB100E36C3E /* CIMG4017.JPG in Resources */,
				7737B6621D289DB100E36C3E /* 星出さん.JPG in Resources */,
				7737B6591D289DB100E36C3E /* 進路資料室.JPG in Resources */,
				7708CEED1D4E1F2B00B2FE94 /* 寮.JPG in Resources */,
				7737B6901D289DB100E36C3E /* CIMG4059.JPG in Resources */,
				7737B6411D289DB100E36C3E /* ショーケース.JPG in Resources */,
				7737B66D1D289DB100E36C3E /* 生物室の機械.JPG in Resources */,
				7714D2B91D57385500CF348D /* スクリーンショット 2016-08-07 18.34.53.png in Resources */,
				7714D2B71D5730B000CF348D /* c7f06ee3.jpg in Resources */,
				7737B64A1D289DB100E36C3E /* CIMG3987.JPG in Resources */,
				7737B63E1D289DB100E36C3E /* 第二体育館-2.JPG in Resources */,
				7737B63C1D289DB100E36C3E /* ピット.JPG in Resources */,
				7737B6601D289DB100E36C3E /* 星出さん.JPG in Resources */,
				7737B6991D289DB100E36C3E /* CIMG4068.JPG in Resources */,
				7737B6761D289DB100E36C3E /* 第一美術室-2.JPG in Resources */,
				7737B63A1D289DB100E36C3E /* 第一体育館-４.JPG in Resources */,
				7737B6A51D289DB100E36C3E /* プール.JPG in Resources */,
				7737B6581D289DB100E36C3E /* 個人研.JPG in Resources */,
				7737B6421D289DB100E36C3E /* ショーケース.JPG in Resources */,
				7737B6831D289DB100E36C3E /* CIMG4044.JPG in Resources */,
				7737B6871D289DB100E36C3E /* 馬の彫像.JPG in Resources */,
				77744B341CCA478C00D4024A /* mmd.png in Resources */,
				7737B64D1D289DB100E36C3E /* 陶芸-2.JPG in Resources */,
				7737B67A1D289DB100E36C3E /* HR教室-1.JPG in Resources */,
				7737B64B1D289DB100E36C3E /* 高校職員室前.JPG in Resources */,
				7737B65A1D289DB100E36C3E /* 大教室前絵画.JPG in Resources */,
				7737B65F1D289DB100E36C3E /* 交流校.JPG in Resources */,
				77EF7EB61CAF8E9A0071347A /* LaunchScreen.storyboard in Resources */,
				7737B69E1D289DB100E36C3E /* 柔道場qドァ.JPG in Resources */,
				7737B6561D289DB100E36C3E /* シラバス.JPG in Resources */,
				7737B63B1D289DB100E36C3E /* 第一体育館-５.JPG in Resources */,
				7737B66E1D289DB100E36C3E /* 生物室の機械-1.JPG in Resources */,
				7737B65E1D289DB100E36C3E /* 交流校.jpg in Resources */,
				77744B301CCA3EE600D4024A /* logo_meikeiのコピー.png in Resources */,
				77EF7EB31CAF8E9A0071347A /* Assets.xcassets in Resources */,
				7737B6AA1D289DB100E36C3E /* ラグビー場.JPG in Resources */,
				7737B66A1D289DB100E36C3E /* 書道室.JPG in Resources */,
				7737B6401D289DB100E36C3E /* トレーナー室.JPG in Resources */,
				7737B6A31D289DB100E36C3E /* CIMG4078.JPG in Resources */,
				7737B67E1D289DB100E36C3E /* CIMG4039.JPG in Resources */,
				7789AC421D6FD2D800CACFC5 /* QRcode-第一体育館.jpg in Resources */,
				77EF7EB11CAF8E9A0071347A /* Main.storyboard in Resources */,
				7708CEF01D4E1F2B00B2FE94 /* CIMG4206.JPG in Resources */,
				7737B65D1D289DB100E36C3E /* 図書室.JPG in Resources */,
				7737B6841D289DB100E36C3E /* 事務室.JPG in Resources */,
				77845B171D5B2A24003C60D5 /* CIMG4360.JPG in Resources */,
				7708CEEE1D4E1F2B00B2FE94 /* CIMG4204.JPG in Resources */,
				7737B6351D289DB100E36C3E /* 6方面-3.jpg in Resources */,
				77845B1B1D5B2C09003C60D5 /* トレーナ室.JPG in Resources */,
				7737B6501D289DB100E36C3E /* 二人の天使.JPG in Resources */,
				7737B6511D289DB100E36C3E /* 二人の天使-2.JPG in Resources */,
				77FBA8841CB0E1DE000C7ABD /* 茗溪　ロゴ.jpg in Resources */,
				77B276FC1D4C9A3C0010EF44 /* Default.png in Resources */,
				7737B6371D289DB100E36C3E /* 第一体育館.JPG in Resources */,
				77B276FB1D4C9A3C0010EF44 /* Default-736h@3x.png in Resources */,
				7737B6441D289DB100E36C3E /* 電気釜.JPG in Resources */,
				7737B6861D289DB100E36C3E /* 第一体育館-6.JPG in Resources */,
				77845B181D5B2A24003C60D5 /* 音楽室.JPG in Resources */,
				7737B68E1D289DB100E36C3E /* 自転車.JPG in Resources */,
				77F044DD1CDEFF2D00A8FB55 /* 交通案内.jpg in Resources */,
				7737B6A41D289DB100E36C3E /* 剣道場.JPG in Resources */,
				7737B68A1D289DB100E36C3E /* 高校棟前.JPG in Resources */,
				7708CEF21D4E1F2B00B2FE94 /* CIMG4208.JPG in Resources */,
				7737B6891D289DB100E36C3E /* CIMG4052.JPG in Resources */,
				7737B6711D289DB100E36C3E /* 第一AVE前.JPG in Resources */,
				7708CEEF1D4E1F2B00B2FE94 /* 寮門前.JPG in Resources */,
				7714D2BB1D573DD500CF348D /* icon_027123_256.jpg in Resources */,
				7737B66F1D289DB100E36C3E /* 生物室廊下.JPG in Resources */,
				7737B6491D289DB100E36C3E /* コモンスペース２-2.JPG in Resources */,
				7737B6641D289DB100E36C3E /* 岩窟の天使.JPG in Resources */,
				7737B6381D289DB100E36C3E /* 第一体育館-2.JPG in Resources */,
				7737B6A71D289DB100E36C3E /* CIMG4082.JPG in Resources */,
				7737B68B1D289DB100E36C3E /* CIMG4054.JPG in Resources */,
				7737B64C1D289DB100E36C3E /* 陶芸.JPG in Resources */,
				7785B46B1D6D9B95000FD944 /* android-chrome-192x192.png in Resources */,
				7737B6AD1D289DB100E36C3E /* 無線斑の電波塔.JPG in Resources */,
				7737B6A01D289DB100E36C3E /* CIMG4075.JPG in Resources */,
				7737B6881D289DB100E36C3E /* 高校等前.JPG in Resources */,
				7737B6611D289DB100E36C3E /* 星出さん.JPG in Resources */,
				77845B161D5B2A24003C60D5 /* CIMG4359.JPG in Resources */,
				7737B69A1D289DB100E36C3E /* CIMG4069.JPG in Resources */,
				7737B6A11D289DB100E36C3E /* CIMG4076.JPG in Resources */,
				77845B1D1D5B2C59003C60D5 /* 相談.JPG in Resources */,
				7714D2BD1D573E9F00CF348D /* icon_002751_256.jpg in Resources */,
				7737B6921D289DB100E36C3E /* CIMG4061.JPG in Resources */,
				7737B68D1D289DB100E36C3E /* 高校等前彫像.JPG in Resources */,
				7737B6651D289DB100E36C3E /* 石像.JPG in Resources */,
				77B276F91D4C9A3C0010EF44 /* Default-568h@2x.png in Resources */,
				7737B6631D289DB100E36C3E /* 岩窟の天使.JPG in Resources */,
				7737B6721D289DB100E36C3E /* コモンスペース.JPG in Resources */,
				7737B6661D289DB100E36C3E /* CIMG4015.JPG in Resources */,
				77845B131D5B2A24003C60D5 /* トレーナー室.JPG in Resources */,
				7737B6391D289DB100E36C3E /* 第一体育館-3.JPG in Resources */,
				7737B67B1D289DB100E36C3E /* プロジェクタ.JPG in Resources */,
				7737B6791D289DB100E36C3E /* HR教室.JPG in Resources */,
				7737B6731D289DB100E36C3E /* セミナー室.JPG in Resources */,
				7708CEF11D4E1F2B00B2FE94 /* 食堂前.JPG in Resources */,
				7737B6A81D289DB100E36C3E /* CIMG4083.JPG in Resources */,
				7737B6801D289DB100E36C3E /* CIMG4041.JPG in Resources */,
				7737B6671D289DB100E36C3E /* CIMG4016.JPG in Resources */,
				7737B6951D289DB100E36C3E /* 購買.JPG in Resources */,
				7737B6361D289DB100E36C3E /* 6方面.jpg in Resources */,
				7737B63D1D289DB100E36C3E /* 第二体育館.JPG in Resources */,
				7737B66B1D289DB100E36C3E /* CIMG4020.JPG in Resources */,
				7737B6691D289DB100E36C3E /* 101教室.JPG in Resources */,
				77845B191D5B2A24003C60D5 /* 音楽室2.JPG in Resources */,
				7737B6A91D289DB100E36C3E /* CIMG4084.JPG in Resources */,
				7737B6981D289DB100E36C3E /* CIMG4067.JPG in Resources */,
				7737B6431D289DB100E36C3E /* 電気釜.JPG in Resources */,
				7737B65C1D289DB100E36C3E /* 図書室.−１JPG in Resources */,
				7737B63F1D289DB100E36C3E /* 第二体育館-3.JPG in Resources */,
				7737B6461D289DB100E36C3E /* コモンスペース１.JPG in Resources */,
				7737B6571D289DB100E36C3E /* 個人研.JPG in Resources */,
				7737B6751D289DB100E36C3E /* 第一美術室-1.JPG in Resources */,
				7737B6941D289DB100E36C3E /* CIMG4063.JPG in Resources */,
				7737B6451D289DB100E36C3E /* 第二美術室.JPG in Resources */,
				7737B6551D289DB100E36C3E /* 顕微鏡.JPG in Resources */,
				7737B64E1D289DB100E36C3E /* 陶芸-3.JPG in Resources */,
				7737B67F1D289DB100E36C3E /* 第一コンピューター室.JPG in Resources */,
				7737B6931D289DB100E36C3E /* CIMG4062.JPG in Resources */,
				7737B65B1D289DB100E36C3E /* 大教室前絵画.JPG in Resources */,
				7737B67C1D289DB100E36C3E /* 中庭（雨）.JPG in Resources */,
				77B276FA1D4C9A3C0010EF44 /* Default-667h@2x.png in Resources */,
				7737B6741D289DB100E36C3E /* 第一美術室.JPG in Resources */,
				7708CEF41D4E2DBA00B2FE94 /* コモンスペース1.JPG in Resources */,
				77845B141D5B2A24003C60D5 /* 校長室前廊下.JPG in Resources */,
				7737B64F1D289DB100E36C3E /* 巻物.JPG in Resources */,
				7737B68F1D289DB100E36C3E /* 事務室前オブッジェ.JPG in Resources */,
				7737B6A61D289DB100E36C3E /* CIMG4081.JPG in Resources */,
				77B276FD1D4C9A3C0010EF44 /* Default@2x.png in Resources */,
				7737B6A21D289DB100E36C3E /* あwっd.JPG in Resources */,
				7737B6531D289DB100E36C3E /* トイレ中.JPG in Resources */,
				7737B6521D289DB100E36C3E /* トイレ.JPG in Resources */,
				7737B6701D289DB100E36C3E /* CIMG4025生物室廊下-1.JPG in Resources */,
				7737B6811D289DB100E36C3E /* CIMG4042.JPG in Resources */,
				7737B6961D289DB100E36C3E /* 購買注文所.JPG in Resources */,
				7737B6541D289DB100E36C3E /* 生物実験室.JPG in Resources */,
			);
			runOnlyForDeploymentPostprocessing = 0;
		};
		77EF7EBA1CAF8E9A0071347A /* Resources */ = {
			isa = PBXResourcesBuildPhase;
			buildActionMask = 2147483647;
			files = (
			);
			runOnlyForDeploymentPostprocessing = 0;
		};
		77EF7EC51CAF8E9A0071347A /* Resources */ = {
			isa = PBXResourcesBuildPhase;
			buildActionMask = 2147483647;
			files = (
			);
			runOnlyForDeploymentPostprocessing = 0;
		};
/* End PBXResourcesBuildPhase section */

/* Begin PBXSourcesBuildPhase section */
		77EF7EA41CAF8E9A0071347A /* Sources */ = {
			isa = PBXSourcesBuildPhase;
			buildActionMask = 2147483647;
			files = (
				773924881D01B28E00531DFC /* UITableViewController.swift in Sources */,
				77FBA88A1CB0E837000C7ABD /* SecondViewController.swift in Sources */,
				775BC97D1D27608F0005B14F /* koutsuuViewController.swift in Sources */,
				77FBA88C1CB0F130000C7ABD /* OptionViewController.swift in Sources */,
				774D2D351D1E1F5300CB21DB /* BusTimePictureViewController.swift in Sources */,
				77EF7EAE1CAF8E9A0071347A /* QRCodeViewController.swift in Sources */,
				77EF7EAC1CAF8E9A0071347A /* AppDelegate.swift in Sources */,
				77B2ECFC1CDEE84700665F95 /* AccessUIserchViewController.swift in Sources */,
				7765EF6A1D181A280097B835 /* BusTimeViewController.swift in Sources */,
				77C50C491D16679D00A83F4D /* UITableViewSyousaiViewController.swift in Sources */,
				77FBA8881CB0E6D9000C7ABD /* StartViewController.swift in Sources */,
			);
			runOnlyForDeploymentPostprocessing = 0;
		};
		77EF7EB81CAF8E9A0071347A /* Sources */ = {
			isa = PBXSourcesBuildPhase;
			buildActionMask = 2147483647;
			files = (
				77EF7EC11CAF8E9A0071347A /* kojikennTests.swift in Sources */,
			);
			runOnlyForDeploymentPostprocessing = 0;
		};
		77EF7EC31CAF8E9A0071347A /* Sources */ = {
			isa = PBXSourcesBuildPhase;
			buildActionMask = 2147483647;
			files = (
				77EF7ECC1CAF8E9A0071347A /* kojikennUITests.swift in Sources */,
			);
			runOnlyForDeploymentPostprocessing = 0;
		};
/* End PBXSourcesBuildPhase section */

/* Begin PBXTargetDependency section */
		77EF7EBE1CAF8E9A0071347A /* PBXTargetDependency */ = {
			isa = PBXTargetDependency;
			target = 77EF7EA71CAF8E9A0071347A /* kojikenn */;
			targetProxy = 77EF7EBD1CAF8E9A0071347A /* PBXContainerItemProxy */;
		};
		77EF7EC91CAF8E9A0071347A /* PBXTargetDependency */ = {
			isa = PBXTargetDependency;
			target = 77EF7EA71CAF8E9A0071347A /* kojikenn */;
			targetProxy = 77EF7EC81CAF8E9A0071347A /* PBXContainerItemProxy */;
		};
/* End PBXTargetDependency section */

/* Begin PBXVariantGroup section */
		77EF7EAF1CAF8E9A0071347A /* Main.storyboard */ = {
			isa = PBXVariantGroup;
			children = (
				77EF7EB01CAF8E9A0071347A /* Base */,
			);
			name = Main.storyboard;
			sourceTree = "<group>";
		};
		77EF7EB41CAF8E9A0071347A /* LaunchScreen.storyboard */ = {
			isa = PBXVariantGroup;
			children = (
				77EF7EB51CAF8E9A0071347A /* Base */,
			);
			name = LaunchScreen.storyboard;
			sourceTree = "<group>";
		};
/* End PBXVariantGroup section */

/* Begin XCBuildConfiguration section */
		77EF7ECE1CAF8E9A0071347A /* Debug */ = {
			isa = XCBuildConfiguration;
			buildSettings = {
				ALWAYS_SEARCH_USER_PATHS = NO;
				CLANG_CXX_LANGUAGE_STANDARD = "gnu++0x";
				CLANG_CXX_LIBRARY = "libc++";
				CLANG_ENABLE_MODULES = YES;
				CLANG_ENABLE_OBJC_ARC = YES;
				CLANG_WARN_BOOL_CONVERSION = YES;
				CLANG_WARN_CONSTANT_CONVERSION = YES;
				CLANG_WARN_DIRECT_OBJC_ISA_USAGE = YES_ERROR;
				CLANG_WARN_EMPTY_BODY = YES;
				CLANG_WARN_ENUM_CONVERSION = YES;
				CLANG_WARN_INT_CONVERSION = YES;
				CLANG_WARN_OBJC_ROOT_CLASS = YES_ERROR;
				CLANG_WARN_UNREACHABLE_CODE = YES;
				CLANG_WARN__DUPLICATE_METHOD_MATCH = YES;
				"CODE_SIGN_IDENTITY[sdk=iphoneos*]" = "iPhone Developer";
				COPY_PHASE_STRIP = NO;
				DEBUG_INFORMATION_FORMAT = dwarf;
				ENABLE_STRICT_OBJC_MSGSEND = YES;
				ENABLE_TESTABILITY = YES;
				GCC_C_LANGUAGE_STANDARD = gnu99;
				GCC_DYNAMIC_NO_PIC = NO;
				GCC_NO_COMMON_BLOCKS = YES;
				GCC_OPTIMIZATION_LEVEL = 0;
				GCC_PREPROCESSOR_DEFINITIONS = (
					"DEBUG=1",
					"$(inherited)",
				);
				GCC_WARN_64_TO_32_BIT_CONVERSION = YES;
				GCC_WARN_ABOUT_RETURN_TYPE = YES_ERROR;
				GCC_WARN_UNDECLARED_SELECTOR = YES;
				GCC_WARN_UNINITIALIZED_AUTOS = YES_AGGRESSIVE;
				GCC_WARN_UNUSED_FUNCTION = YES;
				GCC_WARN_UNUSED_VARIABLE = YES;
				IPHONEOS_DEPLOYMENT_TARGET = 9.1;
				MTL_ENABLE_DEBUG_INFO = YES;
				ONLY_ACTIVE_ARCH = YES;
				SDKROOT = iphoneos;
				SWIFT_OPTIMIZATION_LEVEL = "-Onone";
			};
			name = Debug;
		};
		77EF7ECF1CAF8E9A0071347A /* Release */ = {
			isa = XCBuildConfiguration;
			buildSettings = {
				ALWAYS_SEARCH_USER_PATHS = NO;
				CLANG_CXX_LANGUAGE_STANDARD = "gnu++0x";
				CLANG_CXX_LIBRARY = "libc++";
				CLANG_ENABLE_MODULES = YES;
				CLANG_ENABLE_OBJC_ARC = YES;
				CLANG_WARN_BOOL_CONVERSION = YES;
				CLANG_WARN_CONSTANT_CONVERSION = YES;
				CLANG_WARN_DIRECT_OBJC_ISA_USAGE = YES_ERROR;
				CLANG_WARN_EMPTY_BODY = YES;
				CLANG_WARN_ENUM_CONVERSION = YES;
				CLANG_WARN_INT_CONVERSION = YES;
				CLANG_WARN_OBJC_ROOT_CLASS = YES_ERROR;
				CLANG_WARN_UNREACHABLE_CODE = YES;
				CLANG_WARN__DUPLICATE_METHOD_MATCH = YES;
				"CODE_SIGN_IDENTITY[sdk=iphoneos*]" = "iPhone Developer";
				COPY_PHASE_STRIP = NO;
				DEBUG_INFORMATION_FORMAT = "dwarf-with-dsym";
				ENABLE_NS_ASSERTIONS = NO;
				ENABLE_STRICT_OBJC_MSGSEND = YES;
				GCC_C_LANGUAGE_STANDARD = gnu99;
				GCC_NO_COMMON_BLOCKS = YES;
				GCC_WARN_64_TO_32_BIT_CONVERSION = YES;
				GCC_WARN_ABOUT_RETURN_TYPE = YES_ERROR;
				GCC_WARN_UNDECLARED_SELECTOR = YES;
				GCC_WARN_UNINITIALIZED_AUTOS = YES_AGGRESSIVE;
				GCC_WARN_UNUSED_FUNCTION = YES;
				GCC_WARN_UNUSED_VARIABLE = YES;
				IPHONEOS_DEPLOYMENT_TARGET = 9.1;
				MTL_ENABLE_DEBUG_INFO = NO;
				SDKROOT = iphoneos;
				VALIDATE_PRODUCT = YES;
			};
			name = Release;
		};
		77EF7ED11CAF8E9A0071347A /* Debug */ = {
			isa = XCBuildConfiguration;
			buildSettings = {
				ASSETCATALOG_COMPILER_APPICON_NAME = AppIcon;
				CODE_SIGN_IDENTITY = "iPhone Distribution: toni minu (8Q46758X4P)";
				INFOPLIST_FILE = kojikenn/Info.plist;
				LD_RUNPATH_SEARCH_PATHS = "$(inherited) @executable_path/Frameworks";
				PRODUCT_BUNDLE_IDENTIFIER = "life-is-tech.kojikenn";
				PRODUCT_NAME = "$(TARGET_NAME)";
				PROVISIONING_PROFILE = "425ba4a0-11e2-4750-a8ff-4e25b5296124";
			};
			name = Debug;
		};
		77EF7ED21CAF8E9A0071347A /* Release */ = {
			isa = XCBuildConfiguration;
			buildSettings = {
				ASSETCATALOG_COMPILER_APPICON_NAME = AppIcon;
				CODE_SIGN_IDENTITY = "iPhone Distribution: toni minu (8Q46758X4P)";
				INFOPLIST_FILE = kojikenn/Info.plist;
				LD_RUNPATH_SEARCH_PATHS = "$(inherited) @executable_path/Frameworks";
				PRODUCT_BUNDLE_IDENTIFIER = "life-is-tech.kojikenn";
				PRODUCT_NAME = "$(TARGET_NAME)";
				PROVISIONING_PROFILE = "425ba4a0-11e2-4750-a8ff-4e25b5296124";
			};
			name = Release;
		};
		77EF7ED41CAF8E9A0071347A /* Debug */ = {
			isa = XCBuildConfiguration;
			buildSettings = {
				BUNDLE_LOADER = "$(TEST_HOST)";
				INFOPLIST_FILE = kojikennTests/Info.plist;
				LD_RUNPATH_SEARCH_PATHS = "$(inherited) @executable_path/Frameworks @loader_path/Frameworks";
				PRODUCT_BUNDLE_IDENTIFIER = "life-is-tech.kojikennTests";
				PRODUCT_NAME = "$(TARGET_NAME)";
				TEST_HOST = "$(BUILT_PRODUCTS_DIR)/kojikenn.app/kojikenn";
			};
			name = Debug;
		};
		77EF7ED51CAF8E9A0071347A /* Release */ = {
			isa = XCBuildConfiguration;
			buildSettings = {
				BUNDLE_LOADER = "$(TEST_HOST)";
				INFOPLIST_FILE = kojikennTests/Info.plist;
				LD_RUNPATH_SEARCH_PATHS = "$(inherited) @executable_path/Frameworks @loader_path/Frameworks";
				PRODUCT_BUNDLE_IDENTIFIER = "life-is-tech.kojikennTests";
				PRODUCT_NAME = "$(TARGET_NAME)";
				TEST_HOST = "$(BUILT_PRODUCTS_DIR)/kojikenn.app/kojikenn";
			};
			name = Release;
		};
		77EF7ED71CAF8E9A0071347A /* Debug */ = {
			isa = XCBuildConfiguration;
			buildSettings = {
				INFOPLIST_FILE = kojikennUITests/Info.plist;
				LD_RUNPATH_SEARCH_PATHS = "$(inherited) @executable_path/Frameworks @loader_path/Frameworks";
				PRODUCT_BUNDLE_IDENTIFIER = "life-is-tech.kojikennUITests";
				PRODUCT_NAME = "$(TARGET_NAME)";
				TEST_TARGET_NAME = kojikenn;
				USES_XCTRUNNER = YES;
			};
			name = Debug;
		};
		77EF7ED81CAF8E9A0071347A /* Release */ = {
			isa = XCBuildConfiguration;
			buildSettings = {
				INFOPLIST_FILE = kojikennUITests/Info.plist;
				LD_RUNPATH_SEARCH_PATHS = "$(inherited) @executable_path/Frameworks @loader_path/Frameworks";
				PRODUCT_BUNDLE_IDENTIFIER = "life-is-tech.kojikennUITests";
				PRODUCT_NAME = "$(TARGET_NAME)";
				TEST_TARGET_NAME = kojikenn;
				USES_XCTRUNNER = YES;
			};
			name = Release;
		};
/* End XCBuildConfiguration section */

/* Begin XCConfigurationList section */
		77EF7EA31CAF8E9A0071347A /* Build configuration list for PBXProject "kojikenn" */ = {
			isa = XCConfigurationList;
			buildConfigurations = (
				77EF7ECE1CAF8E9A0071347A /* Debug */,
				77EF7ECF1CAF8E9A0071347A /* Release */,
			);
			defaultConfigurationIsVisible = 0;
			defaultConfigurationName = Release;
		};
		77EF7ED01CAF8E9A0071347A /* Build configuration list for PBXNativeTarget "kojikenn" */ = {
			isa = XCConfigurationList;
			buildConfigurations = (
				77EF7ED11CAF8E9A0071347A /* Debug */,
				77EF7ED21CAF8E9A0071347A /* Release */,
			);
			defaultConfigurationIsVisible = 0;
			defaultConfigurationName = Release;
		};
		77EF7ED31CAF8E9A0071347A /* Build configuration list for PBXNativeTarget "kojikennTests" */ = {
			isa = XCConfigurationList;
			buildConfigurations = (
				77EF7ED41CAF8E9A0071347A /* Debug */,
				77EF7ED51CAF8E9A0071347A /* Release */,
			);
			defaultConfigurationIsVisible = 0;
			defaultConfigurationName = Release;
		};
		77EF7ED61CAF8E9A0071347A /* Build configuration list for PBXNativeTarget "kojikennUITests" */ = {
			isa = XCConfigurationList;
			buildConfigurations = (
				77EF7ED71CAF8E9A0071347A /* Debug */,
				77EF7ED81CAF8E9A0071347A /* Release */,
			);
			defaultConfigurationIsVisible = 0;
			defaultConfigurationName = Release;
		};
/* End XCConfigurationList section */
	};
	rootObject = 77EF7EA01CAF8E9A0071347A /* Project object */;
}
