// !$*UTF8*$!
{
	archiveVersion = 1;
	classes = {
	};
	objectVersion = 46;
	objects = {

/* Begin PBXBuildFile section */
		7708CEED1D4E1F2B00B2FE94 /* 寮.JPG in Resources */ = {isa = PBXBuildFile; fileRef = 7708CEE61D4E1F2B00B2FE94 /* 寮.JPG */; };
		7708CEEF1D4E1F2B00B2FE94 /* 寮門前.JPG in Resources */ = {isa = PBXBuildFile; fileRef = 7708CEE81D4E1F2B00B2FE94 /* 寮門前.JPG */; };
		7708CEF11D4E1F2B00B2FE94 /* 食堂前.JPG in Resources */ = {isa = PBXBuildFile; fileRef = 7708CEEA1D4E1F2B00B2FE94 /* 食堂前.JPG */; };
		7708CEF41D4E2DBA00B2FE94 /* コモンスペース1.JPG in Resources */ = {isa = PBXBuildFile; fileRef = 7708CEF31D4E2DBA00B2FE94 /* コモンスペース1.JPG */; };
		7714D2B71D5730B000CF348D /* c7f06ee3.jpg in Resources */ = {isa = PBXBuildFile; fileRef = 7714D2B61D5730B000CF348D /* c7f06ee3.jpg */; };
		7714D2B91D57385500CF348D /* スクリーンショット 2016-08-07 18.34.53.png in Resources */ = {isa = PBXBuildFile; fileRef = 7714D2B81D57385500CF348D /* スクリーンショット 2016-08-07 18.34.53.png */; };
		7714D2BB1D573DD500CF348D /* icon_027123_256.jpg in Resources */ = {isa = PBXBuildFile; fileRef = 7714D2BA1D573DD500CF348D /* icon_027123_256.jpg */; };
		7714D2BD1D573E9F00CF348D /* icon_002751_256.jpg in Resources */ = {isa = PBXBuildFile; fileRef = 7714D2BC1D573E9F00CF348D /* icon_002751_256.jpg */; };
		7737B6341D289DB100E36C3E /* 6方面-2.jpg in Resources */ = {isa = PBXBuildFile; fileRef = 7737B5B81D289DB000E36C3E /* 6方面-2.jpg */; };
		7737B6351D289DB100E36C3E /* 6方面-3.jpg in Resources */ = {isa = PBXBuildFile; fileRef = 7737B5B91D289DB000E36C3E /* 6方面-3.jpg */; };
		7737B6361D289DB100E36C3E /* 6方面.jpg in Resources */ = {isa = PBXBuildFile; fileRef = 7737B5BA1D289DB000E36C3E /* 6方面.jpg */; };
		7737B63D1D289DB100E36C3E /* 第二体育館.JPG in Resources */ = {isa = PBXBuildFile; fileRef = 7737B5C11D289DB000E36C3E /* 第二体育館.JPG */; };
		7737B6451D289DB100E36C3E /* 第二美術室.JPG in Resources */ = {isa = PBXBuildFile; fileRef = 7737B5C91D289DB000E36C3E /* 第二美術室.JPG */; };
		7737B6481D289DB100E36C3E /* コモンスペース２.JPG in Resources */ = {isa = PBXBuildFile; fileRef = 7737B5CC1D289DB000E36C3E /* コモンスペース２.JPG */; };
		7737B64B1D289DB100E36C3E /* 高校職員室前.JPG in Resources */ = {isa = PBXBuildFile; fileRef = 7737B5CF1D289DB000E36C3E /* 高校職員室前.JPG */; };
		7737B6541D289DB100E36C3E /* 生物実験室.JPG in Resources */ = {isa = PBXBuildFile; fileRef = 7737B5D81D289DB000E36C3E /* 生物実験室.JPG */; };
		7737B6591D289DB100E36C3E /* 進路資料室.JPG in Resources */ = {isa = PBXBuildFile; fileRef = 7737B5DD1D289DB000E36C3E /* 進路資料室.JPG */; };
		7737B65A1D289DB100E36C3E /* 大教室前絵画.JPG in Resources */ = {isa = PBXBuildFile; fileRef = 7737B5DE1D289DB000E36C3E /* 大教室前絵画.JPG */; };
		7737B65D1D289DB100E36C3E /* 図書室.JPG in Resources */ = {isa = PBXBuildFile; fileRef = 7737B5E11D289DB000E36C3E /* 図書室.JPG */; };
		7737B6691D289DB100E36C3E /* 101教室.JPG in Resources */ = {isa = PBXBuildFile; fileRef = 7737B5ED1D289DB000E36C3E /* 101教室.JPG */; };
		7737B66A1D289DB100E36C3E /* 書道室.JPG in Resources */ = {isa = PBXBuildFile; fileRef = 7737B5EE1D289DB000E36C3E /* 書道室.JPG */; };
		7737B6731D289DB100E36C3E /* セミナー室.JPG in Resources */ = {isa = PBXBuildFile; fileRef = 7737B5F71D289DB000E36C3E /* セミナー室.JPG */; };
		7737B6741D289DB100E36C3E /* 第一美術室.JPG in Resources */ = {isa = PBXBuildFile; fileRef = 7737B5F81D289DB000E36C3E /* 第一美術室.JPG */; };
		7737B6781D289DB100E36C3E /* 第三美術室.JPG in Resources */ = {isa = PBXBuildFile; fileRef = 7737B5FC1D289DB000E36C3E /* 第三美術室.JPG */; };
		7737B6791D289DB100E36C3E /* HR教室.JPG in Resources */ = {isa = PBXBuildFile; fileRef = 7737B5FD1D289DB000E36C3E /* HR教室.JPG */; };
		7737B67F1D289DB100E36C3E /* 第一コンピューター室.JPG in Resources */ = {isa = PBXBuildFile; fileRef = 7737B6031D289DB000E36C3E /* 第一コンピューター室.JPG */; };
		7737B6821D289DB100E36C3E /* 保健室.JPG in Resources */ = {isa = PBXBuildFile; fileRef = 7737B6061D289DB000E36C3E /* 保健室.JPG */; };
		7737B6841D289DB100E36C3E /* 事務室.JPG in Resources */ = {isa = PBXBuildFile; fileRef = 7737B6081D289DB000E36C3E /* 事務室.JPG */; };
		7737B6861D289DB100E36C3E /* 第一体育館-6.JPG in Resources */ = {isa = PBXBuildFile; fileRef = 7737B60A1D289DB000E36C3E /* 第一体育館-6.JPG */; };
		7737B6881D289DB100E36C3E /* 高校等前.JPG in Resources */ = {isa = PBXBuildFile; fileRef = 7737B60C1D289DB000E36C3E /* 高校等前.JPG */; };
		7737B68A1D289DB100E36C3E /* 高校棟前.JPG in Resources */ = {isa = PBXBuildFile; fileRef = 7737B60E1D289DB000E36C3E /* 高校棟前.JPG */; };
		7737B6951D289DB100E36C3E /* 購買.JPG in Resources */ = {isa = PBXBuildFile; fileRef = 7737B6191D289DB000E36C3E /* 購買.JPG */; };
		7737B69B1D289DB100E36C3E /* 中庭.JPG in Resources */ = {isa = PBXBuildFile; fileRef = 7737B61F1D289DB100E36C3E /* 中庭.JPG */; };
		7737B69F1D289DB100E36C3E /* 柔道場.JPG in Resources */ = {isa = PBXBuildFile; fileRef = 7737B6231D289DB100E36C3E /* 柔道場.JPG */; };
		7737B6A41D289DB100E36C3E /* 剣道場.JPG in Resources */ = {isa = PBXBuildFile; fileRef = 7737B6281D289DB100E36C3E /* 剣道場.JPG */; };
		7737B6A51D289DB100E36C3E /* プール.JPG in Resources */ = {isa = PBXBuildFile; fileRef = 7737B6291D289DB100E36C3E /* プール.JPG */; };
		7737B6AA1D289DB100E36C3E /* ラグビー場.JPG in Resources */ = {isa = PBXBuildFile; fileRef = 7737B62E1D289DB100E36C3E /* ラグビー場.JPG */; };
		7737B6AE1D289DB100E36C3E /* ひたち野うしく.jpg in Resources */ = {isa = PBXBuildFile; fileRef = 7737B6321D289DB100E36C3E /* ひたち野うしく.jpg */; };
		7737B6AF1D289DB100E36C3E /* 研究学園.jpg in Resources */ = {isa = PBXBuildFile; fileRef = 7737B6331D289DB100E36C3E /* 研究学園.jpg */; };
		773924881D01B28E00531DFC /* UITableViewController.swift in Sources */ = {isa = PBXBuildFile; fileRef = 773924871D01B28E00531DFC /* UITableViewController.swift */; };
		77475DDD1DB1D11600C51547 /* gyoujisyoukaiViewController.swift in Sources */ = {isa = PBXBuildFile; fileRef = 77475DDC1DB1D11600C51547 /* gyoujisyoukaiViewController.swift */; };
		77475DDF1DB1D13800C51547 /* gyoujiSyoukaiSyousaiViewController.swift in Sources */ = {isa = PBXBuildFile; fileRef = 77475DDE1DB1D13800C51547 /* gyoujiSyoukaiSyousaiViewController.swift */; };
		77475DE11DB1D5BA00C51547 /* study_skills.png in Resources */ = {isa = PBXBuildFile; fileRef = 77475DE01DB1D5BA00C51547 /* study_skills.png */; };
		77475DE31DB1D63400C51547 /* studySkillsViewController.swift in Sources */ = {isa = PBXBuildFile; fileRef = 77475DE21DB1D63400C51547 /* studySkillsViewController.swift */; };
		774D2D351D1E1F5300CB21DB /* BusTimePictureViewController.swift in Sources */ = {isa = PBXBuildFile; fileRef = 774D2D341D1E1F5300CB21DB /* BusTimePictureViewController.swift */; };
		774E3AE11DA0D525009C164A /* GestureImageView.swift in Sources */ = {isa = PBXBuildFile; fileRef = 774E3AE01DA0D525009C164A /* GestureImageView.swift */; };
		775BC97D1D27608F0005B14F /* koutsuuViewController.swift in Sources */ = {isa = PBXBuildFile; fileRef = 775BC97C1D27608F0005B14F /* koutsuuViewController.swift */; };
		7763250C1DA271F2003C8450 /* GakuensyoikaitableView.swift in Sources */ = {isa = PBXBuildFile; fileRef = 7763250B1DA271F2003C8450 /* GakuensyoikaitableView.swift */; };
		7765EF6A1D181A280097B835 /* BusTimeViewController.swift in Sources */ = {isa = PBXBuildFile; fileRef = 7765EF691D181A280097B835 /* BusTimeViewController.swift */; };
		77744B301CCA3EE600D4024A /* logo_meikeiのコピー.png in Resources */ = {isa = PBXBuildFile; fileRef = 77744B2F1CCA3EE600D4024A /* logo_meikeiのコピー.png */; };
		77744B341CCA478C00D4024A /* mmd.png in Resources */ = {isa = PBXBuildFile; fileRef = 77744B331CCA478C00D4024A /* mmd.png */; };
		77845B141D5B2A24003C60D5 /* 校長室前廊下.JPG in Resources */ = {isa = PBXBuildFile; fileRef = 77845B0D1D5B2A23003C60D5 /* 校長室前廊下.JPG */; };
		77845B181D5B2A24003C60D5 /* 音楽室.JPG in Resources */ = {isa = PBXBuildFile; fileRef = 77845B111D5B2A24003C60D5 /* 音楽室.JPG */; };
		77845B1B1D5B2C09003C60D5 /* トレーナ室.JPG in Resources */ = {isa = PBXBuildFile; fileRef = 77845B1A1D5B2C09003C60D5 /* トレーナ室.JPG */; };
		77845B1D1D5B2C59003C60D5 /* 相談.JPG in Resources */ = {isa = PBXBuildFile; fileRef = 77845B1C1D5B2C59003C60D5 /* 相談.JPG */; };
		7785B46B1D6D9B95000FD944 /* android-chrome-192x192.png in Resources */ = {isa = PBXBuildFile; fileRef = 7785B46A1D6D9B95000FD944 /* android-chrome-192x192.png */; };
		7789AC421D6FD2D800CACFC5 /* QRcode-第一体育館.jpg in Resources */ = {isa = PBXBuildFile; fileRef = 7789AC411D6FD2D800CACFC5 /* QRcode-第一体育館.jpg */; };
		7789AC441D6FFC3200CACFC5 /* 無線斑の電波塔.JPG in Resources */ = {isa = PBXBuildFile; fileRef = 7789AC431D6FFC3200CACFC5 /* 無線斑の電波塔.JPG */; };
		77A45FA61DB30E3A005DC381 /* 1階.jpg in Resources */ = {isa = PBXBuildFile; fileRef = 77A45FA31DB30E3A005DC381 /* 1階.jpg */; };
		77A45FA71DB30E3A005DC381 /* 2階.jpg in Resources */ = {isa = PBXBuildFile; fileRef = 77A45FA41DB30E3A005DC381 /* 2階.jpg */; };
		77A45FA81DB30E3A005DC381 /* 3階.jpg in Resources */ = {isa = PBXBuildFile; fileRef = 77A45FA51DB30E3A005DC381 /* 3階.jpg */; };
		77A45FAA1DB30E8E005DC381 /* 4階.jpg in Resources */ = {isa = PBXBuildFile; fileRef = 77A45FA91DB30E8E005DC381 /* 4階.jpg */; };
		77A45FAC1DB33A60005DC381 /* icon_013783_256.jpg in Resources */ = {isa = PBXBuildFile; fileRef = 77A45FAB1DB33A60005DC381 /* icon_013783_256.jpg */; };
		77A45FAE1DB33C80005DC381 /* icon_043933_256.jpg in Resources */ = {isa = PBXBuildFile; fileRef = 77A45FAD1DB33C80005DC381 /* icon_043933_256.jpg */; };
		77B276F91D4C9A3C0010EF44 /* Default-568h@2x.png in Resources */ = {isa = PBXBuildFile; fileRef = 77B276F41D4C9A3C0010EF44 /* Default-568h@2x.png */; };
		77B276FA1D4C9A3C0010EF44 /* Default-667h@2x.png in Resources */ = {isa = PBXBuildFile; fileRef = 77B276F51D4C9A3C0010EF44 /* Default-667h@2x.png */; };
		77B276FB1D4C9A3C0010EF44 /* Default-736h@3x.png in Resources */ = {isa = PBXBuildFile; fileRef = 77B276F61D4C9A3C0010EF44 /* Default-736h@3x.png */; };
		77B276FC1D4C9A3C0010EF44 /* Default.png in Resources */ = {isa = PBXBuildFile; fileRef = 77B276F71D4C9A3C0010EF44 /* Default.png */; };
		77B276FD1D4C9A3C0010EF44 /* Default@2x.png in Resources */ = {isa = PBXBuildFile; fileRef = 77B276F81D4C9A3C0010EF44 /* Default@2x.png */; };
		77B2ECFC1CDEE84700665F95 /* AccessUIserchViewController.swift in Sources */ = {isa = PBXBuildFile; fileRef = 77B2ECFB1CDEE84700665F95 /* AccessUIserchViewController.swift */; };
		77C50C491D16679D00A83F4D /* UITableViewSyousaiViewController.swift in Sources */ = {isa = PBXBuildFile; fileRef = 77C50C481D16679D00A83F4D /* UITableViewSyousaiViewController.swift */; };
		77D1E3691DA2A0580081CDD9 /* mk01.jpg in Resources */ = {isa = PBXBuildFile; fileRef = 77D1E3631DA2A0580081CDD9 /* mk01.jpg */; };
		77D1E36A1DA2A0580081CDD9 /* mk02.jpg in Resources */ = {isa = PBXBuildFile; fileRef = 77D1E3641DA2A0580081CDD9 /* mk02.jpg */; };
		77D1E36E1DA2A46A0081CDD9 /* KounaiMapViewController.swift in Sources */ = {isa = PBXBuildFile; fileRef = 77D1E36D1DA2A46A0081CDD9 /* KounaiMapViewController.swift */; };
		77D1E3701DA2A7620081CDD9 /* kounaiMapPictureViewController.swift in Sources */ = {isa = PBXBuildFile; fileRef = 77D1E36F1DA2A7620081CDD9 /* kounaiMapPictureViewController.swift */; };
		77EF7EAC1CAF8E9A0071347A /* AppDelegate.swift in Sources */ = {isa = PBXBuildFile; fileRef = 77EF7EAB1CAF8E9A0071347A /* AppDelegate.swift */; };
		77EF7EAE1CAF8E9A0071347A /* QRCodeViewController.swift in Sources */ = {isa = PBXBuildFile; fileRef = 77EF7EAD1CAF8E9A0071347A /* QRCodeViewController.swift */; };
		77EF7EB11CAF8E9A0071347A /* Main.storyboard in Resources */ = {isa = PBXBuildFile; fileRef = 77EF7EAF1CAF8E9A0071347A /* Main.storyboard */; };
		77EF7EB31CAF8E9A0071347A /* Assets.xcassets in Resources */ = {isa = PBXBuildFile; fileRef = 77EF7EB21CAF8E9A0071347A /* Assets.xcassets */; };
		77EF7EB61CAF8E9A0071347A /* LaunchScreen.storyboard in Resources */ = {isa = PBXBuildFile; fileRef = 77EF7EB41CAF8E9A0071347A /* LaunchScreen.storyboard */; };
		77EF7EC11CAF8E9A0071347A /* kojikennTests.swift in Sources */ = {isa = PBXBuildFile; fileRef = 77EF7EC01CAF8E9A0071347A /* kojikennTests.swift */; };
		77EF7ECC1CAF8E9A0071347A /* kojikennUITests.swift in Sources */ = {isa = PBXBuildFile; fileRef = 77EF7ECB1CAF8E9A0071347A /* kojikennUITests.swift */; };
		77F044DD1CDEFF2D00A8FB55 /* 交通案内.jpg in Resources */ = {isa = PBXBuildFile; fileRef = 77F044DC1CDEFF2D00A8FB55 /* 交通案内.jpg */; };
		77FBA8841CB0E1DE000C7ABD /* 茗溪　ロゴ.jpg in Resources */ = {isa = PBXBuildFile; fileRef = 77FBA8831CB0E1DD000C7ABD /* 茗溪　ロゴ.jpg */; };
		77FBA8881CB0E6D9000C7ABD /* StartViewController.swift in Sources */ = {isa = PBXBuildFile; fileRef = 77FBA8871CB0E6D9000C7ABD /* StartViewController.swift */; };
		77FBA88A1CB0E837000C7ABD /* SecondViewController.swift in Sources */ = {isa = PBXBuildFile; fileRef = 77FBA8891CB0E837000C7ABD /* SecondViewController.swift */; };
		77FBA88C1CB0F130000C7ABD /* OptionViewController.swift in Sources */ = {isa = PBXBuildFile; fileRef = 77FBA88B1CB0F130000C7ABD /* OptionViewController.swift */; };
/* End PBXBuildFile section */

/* Begin PBXContainerItemProxy section */
		77EF7EBD1CAF8E9A0071347A /* PBXContainerItemProxy */ = {
			isa = PBXContainerItemProxy;
			containerPortal = 77EF7EA01CAF8E9A0071347A /* Project object */;
			proxyType = 1;
			remoteGlobalIDString = 77EF7EA71CAF8E9A0071347A;
			remoteInfo = kojikenn;
		};
		77EF7EC81CAF8E9A0071347A /* PBXContainerItemProxy */ = {
			isa = PBXContainerItemProxy;
			containerPortal = 77EF7EA01CAF8E9A0071347A /* Project object */;
			proxyType = 1;
			remoteGlobalIDString = 77EF7EA71CAF8E9A0071347A;
			remoteInfo = kojikenn;
		};
/* End PBXContainerItemProxy section */

/* Begin PBXFileReference section */
		7708CEE61D4E1F2B00B2FE94 /* 寮.JPG */ = {isa = PBXFileReference; lastKnownFileType = image.jpeg; path = "寮.JPG"; sourceTree = "<group>"; };
		7708CEE81D4E1F2B00B2FE94 /* 寮門前.JPG */ = {isa = PBXFileReference; lastKnownFileType = image.jpeg; path = "寮門前.JPG"; sourceTree = "<group>"; };
		7708CEEA1D4E1F2B00B2FE94 /* 食堂前.JPG */ = {isa = PBXFileReference; lastKnownFileType = image.jpeg; path = "食堂前.JPG"; sourceTree = "<group>"; };
		7708CEF31D4E2DBA00B2FE94 /* コモンスペース1.JPG */ = {isa = PBXFileReference; lastKnownFileType = image.jpeg; path = "コモンスペース1.JPG"; sourceTree = "<group>"; };
		7714D2B61D5730B000CF348D /* c7f06ee3.jpg */ = {isa = PBXFileReference; lastKnownFileType = image.jpeg; path = c7f06ee3.jpg; sourceTree = "<group>"; };
		7714D2B81D57385500CF348D /* スクリーンショット 2016-08-07 18.34.53.png */ = {isa = PBXFileReference; lastKnownFileType = image.png; path = "スクリーンショット 2016-08-07 18.34.53.png"; sourceTree = "<group>"; };
		7714D2BA1D573DD500CF348D /* icon_027123_256.jpg */ = {isa = PBXFileReference; lastKnownFileType = image.jpeg; path = icon_027123_256.jpg; sourceTree = "<group>"; };
		7714D2BC1D573E9F00CF348D /* icon_002751_256.jpg */ = {isa = PBXFileReference; lastKnownFileType = image.jpeg; path = icon_002751_256.jpg; sourceTree = "<group>"; };
		7737B5B81D289DB000E36C3E /* 6方面-2.jpg */ = {isa = PBXFileReference; lastKnownFileType = image.jpeg; name = "6方面-2.jpg"; path = "見学用写真/6方面-2.jpg"; sourceTree = "<group>"; };
		7737B5B91D289DB000E36C3E /* 6方面-3.jpg */ = {isa = PBXFileReference; lastKnownFileType = image.jpeg; name = "6方面-3.jpg"; path = "見学用写真/6方面-3.jpg"; sourceTree = "<group>"; };
		7737B5BA1D289DB000E36C3E /* 6方面.jpg */ = {isa = PBXFileReference; lastKnownFileType = image.jpeg; name = "6方面.jpg"; path = "見学用写真/6方面.jpg"; sourceTree = "<group>"; };
		7737B5C11D289DB000E36C3E /* 第二体育館.JPG */ = {isa = PBXFileReference; lastKnownFileType = image.jpeg; path = "第二体育館.JPG"; sourceTree = "<group>"; };
		7737B5C91D289DB000E36C3E /* 第二美術室.JPG */ = {isa = PBXFileReference; lastKnownFileType = image.jpeg; path = "第二美術室.JPG"; sourceTree = "<group>"; };
		7737B5CC1D289DB000E36C3E /* コモンスペース２.JPG */ = {isa = PBXFileReference; lastKnownFileType = image.jpeg; path = "コモンスペース２.JPG"; sourceTree = "<group>"; };
		7737B5CF1D289DB000E36C3E /* 高校職員室前.JPG */ = {isa = PBXFileReference; lastKnownFileType = image.jpeg; path = "高校職員室前.JPG"; sourceTree = "<group>"; };
		7737B5D81D289DB000E36C3E /* 生物実験室.JPG */ = {isa = PBXFileReference; lastKnownFileType = image.jpeg; path = "生物実験室.JPG"; sourceTree = "<group>"; };
		7737B5DD1D289DB000E36C3E /* 進路資料室.JPG */ = {isa = PBXFileReference; lastKnownFileType = image.jpeg; path = "進路資料室.JPG"; sourceTree = "<group>"; };
		7737B5DE1D289DB000E36C3E /* 大教室前絵画.JPG */ = {isa = PBXFileReference; lastKnownFileType = image.jpeg; path = "大教室前絵画.JPG"; sourceTree = "<group>"; };
		7737B5E11D289DB000E36C3E /* 図書室.JPG */ = {isa = PBXFileReference; lastKnownFileType = image.jpeg; path = "図書室.JPG"; sourceTree = "<group>"; };
		7737B5ED1D289DB000E36C3E /* 101教室.JPG */ = {isa = PBXFileReference; lastKnownFileType = image.jpeg; path = "101教室.JPG"; sourceTree = "<group>"; };
		7737B5EE1D289DB000E36C3E /* 書道室.JPG */ = {isa = PBXFileReference; lastKnownFileType = image.jpeg; path = "書道室.JPG"; sourceTree = "<group>"; };
		7737B5F71D289DB000E36C3E /* セミナー室.JPG */ = {isa = PBXFileReference; lastKnownFileType = image.jpeg; path = "セミナー室.JPG"; sourceTree = "<group>"; };
		7737B5F81D289DB000E36C3E /* 第一美術室.JPG */ = {isa = PBXFileReference; lastKnownFileType = image.jpeg; path = "第一美術室.JPG"; sourceTree = "<group>"; };
		7737B5FC1D289DB000E36C3E /* 第三美術室.JPG */ = {isa = PBXFileReference; lastKnownFileType = image.jpeg; path = "第三美術室.JPG"; sourceTree = "<group>"; };
		7737B5FD1D289DB000E36C3E /* HR教室.JPG */ = {isa = PBXFileReference; lastKnownFileType = image.jpeg; path = "HR教室.JPG"; sourceTree = "<group>"; };
		7737B6031D289DB000E36C3E /* 第一コンピューター室.JPG */ = {isa = PBXFileReference; lastKnownFileType = image.jpeg; path = "第一コンピューター室.JPG"; sourceTree = "<group>"; };
		7737B6061D289DB000E36C3E /* 保健室.JPG */ = {isa = PBXFileReference; lastKnownFileType = image.jpeg; path = "保健室.JPG"; sourceTree = "<group>"; };
		7737B6081D289DB000E36C3E /* 事務室.JPG */ = {isa = PBXFileReference; lastKnownFileType = image.jpeg; path = "事務室.JPG"; sourceTree = "<group>"; };
		7737B60A1D289DB000E36C3E /* 第一体育館-6.JPG */ = {isa = PBXFileReference; lastKnownFileType = image.jpeg; path = "第一体育館-6.JPG"; sourceTree = "<group>"; };
		7737B60C1D289DB000E36C3E /* 高校等前.JPG */ = {isa = PBXFileReference; lastKnownFileType = image.jpeg; path = "高校等前.JPG"; sourceTree = "<group>"; };
		7737B60E1D289DB000E36C3E /* 高校棟前.JPG */ = {isa = PBXFileReference; lastKnownFileType = image.jpeg; path = "高校棟前.JPG"; sourceTree = "<group>"; };
		7737B6191D289DB000E36C3E /* 購買.JPG */ = {isa = PBXFileReference; lastKnownFileType = image.jpeg; path = "購買.JPG"; sourceTree = "<group>"; };
		7737B61F1D289DB100E36C3E /* 中庭.JPG */ = {isa = PBXFileReference; lastKnownFileType = image.jpeg; path = "中庭.JPG"; sourceTree = "<group>"; };
		7737B6231D289DB100E36C3E /* 柔道場.JPG */ = {isa = PBXFileReference; lastKnownFileType = image.jpeg; path = "柔道場.JPG"; sourceTree = "<group>"; };
		7737B6281D289DB100E36C3E /* 剣道場.JPG */ = {isa = PBXFileReference; lastKnownFileType = image.jpeg; path = "剣道場.JPG"; sourceTree = "<group>"; };
		7737B6291D289DB100E36C3E /* プール.JPG */ = {isa = PBXFileReference; lastKnownFileType = image.jpeg; path = "プール.JPG"; sourceTree = "<group>"; };
		7737B62E1D289DB100E36C3E /* ラグビー場.JPG */ = {isa = PBXFileReference; lastKnownFileType = image.jpeg; path = "ラグビー場.JPG"; sourceTree = "<group>"; };
		7737B6321D289DB100E36C3E /* ひたち野うしく.jpg */ = {isa = PBXFileReference; lastKnownFileType = image.jpeg; name = "ひたち野うしく.jpg"; path = "見学用写真/ひたち野うしく.jpg"; sourceTree = "<group>"; };
		7737B6331D289DB100E36C3E /* 研究学園.jpg */ = {isa = PBXFileReference; lastKnownFileType = image.jpeg; name = "研究学園.jpg"; path = "見学用写真/研究学園.jpg"; sourceTree = "<group>"; };
		773924871D01B28E00531DFC /* UITableViewController.swift */ = {isa = PBXFileReference; fileEncoding = 4; lastKnownFileType = sourcecode.swift; path = UITableViewController.swift; sourceTree = "<group>"; };
		77475DDC1DB1D11600C51547 /* gyoujisyoukaiViewController.swift */ = {isa = PBXFileReference; fileEncoding = 4; lastKnownFileType = sourcecode.swift; path = gyoujisyoukaiViewController.swift; sourceTree = "<group>"; };
		77475DDE1DB1D13800C51547 /* gyoujiSyoukaiSyousaiViewController.swift */ = {isa = PBXFileReference; fileEncoding = 4; lastKnownFileType = sourcecode.swift; path = gyoujiSyoukaiSyousaiViewController.swift; sourceTree = "<group>"; };
		77475DE01DB1D5BA00C51547 /* study_skills.png */ = {isa = PBXFileReference; lastKnownFileType = image.png; path = study_skills.png; sourceTree = "<group>"; };
		77475DE21DB1D63400C51547 /* studySkillsViewController.swift */ = {isa = PBXFileReference; fileEncoding = 4; lastKnownFileType = sourcecode.swift; path = studySkillsViewController.swift; sourceTree = "<group>"; };
		774D2D341D1E1F5300CB21DB /* BusTimePictureViewController.swift */ = {isa = PBXFileReference; fileEncoding = 4; lastKnownFileType = sourcecode.swift; path = BusTimePictureViewController.swift; sourceTree = "<group>"; };
		774E3AE01DA0D525009C164A /* GestureImageView.swift */ = {isa = PBXFileReference; fileEncoding = 4; lastKnownFileType = sourcecode.swift; path = GestureImageView.swift; sourceTree = "<group>"; };
		775BC97C1D27608F0005B14F /* koutsuuViewController.swift */ = {isa = PBXFileReference; fileEncoding = 4; lastKnownFileType = sourcecode.swift; path = koutsuuViewController.swift; sourceTree = "<group>"; };
		7763250B1DA271F2003C8450 /* GakuensyoikaitableView.swift */ = {isa = PBXFileReference; fileEncoding = 4; lastKnownFileType = sourcecode.swift; path = GakuensyoikaitableView.swift; sourceTree = "<group>"; };
		7765EF691D181A280097B835 /* BusTimeViewController.swift */ = {isa = PBXFileReference; fileEncoding = 4; lastKnownFileType = sourcecode.swift; path = BusTimeViewController.swift; sourceTree = "<group>"; };
		77744B2F1CCA3EE600D4024A /* logo_meikeiのコピー.png */ = {isa = PBXFileReference; lastKnownFileType = image.png; path = "logo_meikeiのコピー.png"; sourceTree = "<group>"; };
		77744B331CCA478C00D4024A /* mmd.png */ = {isa = PBXFileReference; lastKnownFileType = image.png; name = mmd.png; path = ../mmd.png; sourceTree = "<group>"; };
		77845B0D1D5B2A23003C60D5 /* 校長室前廊下.JPG */ = {isa = PBXFileReference; lastKnownFileType = image.jpeg; path = "校長室前廊下.JPG"; sourceTree = "<group>"; };
		77845B111D5B2A24003C60D5 /* 音楽室.JPG */ = {isa = PBXFileReference; lastKnownFileType = image.jpeg; path = "音楽室.JPG"; sourceTree = "<group>"; };
		77845B1A1D5B2C09003C60D5 /* トレーナ室.JPG */ = {isa = PBXFileReference; lastKnownFileType = image.jpeg; path = "トレーナ室.JPG"; sourceTree = "<group>"; };
		77845B1C1D5B2C59003C60D5 /* 相談.JPG */ = {isa = PBXFileReference; lastKnownFileType = image.jpeg; path = "相談.JPG"; sourceTree = "<group>"; };
		7785B46A1D6D9B95000FD944 /* android-chrome-192x192.png */ = {isa = PBXFileReference; lastKnownFileType = image.png; path = "android-chrome-192x192.png"; sourceTree = "<group>"; };
		7789AC411D6FD2D800CACFC5 /* QRcode-第一体育館.jpg */ = {isa = PBXFileReference; lastKnownFileType = image.jpeg; path = "QRcode-第一体育館.jpg"; sourceTree = "<group>"; };
		7789AC431D6FFC3200CACFC5 /* 無線斑の電波塔.JPG */ = {isa = PBXFileReference; lastKnownFileType = image.jpeg; name = "無線斑の電波塔.JPG"; path = "../無線斑の電波塔.JPG"; sourceTree = "<group>"; };
		77A45FA31DB30E3A005DC381 /* 1階.jpg */ = {isa = PBXFileReference; lastKnownFileType = image.jpeg; name = "1階.jpg"; path = "../1階.jpg"; sourceTree = "<group>"; };
		77A45FA41DB30E3A005DC381 /* 2階.jpg */ = {isa = PBXFileReference; lastKnownFileType = image.jpeg; name = "2階.jpg"; path = "../2階.jpg"; sourceTree = "<group>"; };
		77A45FA51DB30E3A005DC381 /* 3階.jpg */ = {isa = PBXFileReference; lastKnownFileType = image.jpeg; name = "3階.jpg"; path = "../3階.jpg"; sourceTree = "<group>"; };
		77A45FA91DB30E8E005DC381 /* 4階.jpg */ = {isa = PBXFileReference; lastKnownFileType = image.jpeg; name = "4階.jpg"; path = "../4階.jpg"; sourceTree = "<group>"; };
		77A45FAB1DB33A60005DC381 /* icon_013783_256.jpg */ = {isa = PBXFileReference; lastKnownFileType = image.jpeg; path = icon_013783_256.jpg; sourceTree = "<group>"; };
		77A45FAD1DB33C80005DC381 /* icon_043933_256.jpg */ = {isa = PBXFileReference; lastKnownFileType = image.jpeg; path = icon_043933_256.jpg; sourceTree = "<group>"; };
		77B276F41D4C9A3C0010EF44 /* Default-568h@2x.png */ = {isa = PBXFileReference; lastKnownFileType = image.png; path = "Default-568h@2x.png"; sourceTree = "<group>"; };
		77B276F51D4C9A3C0010EF44 /* Default-667h@2x.png */ = {isa = PBXFileReference; lastKnownFileType = image.png; path = "Default-667h@2x.png"; sourceTree = "<group>"; };
		77B276F61D4C9A3C0010EF44 /* Default-736h@3x.png */ = {isa = PBXFileReference; lastKnownFileType = image.png; path = "Default-736h@3x.png"; sourceTree = "<group>"; };
		77B276F71D4C9A3C0010EF44 /* Default.png */ = {isa = PBXFileReference; lastKnownFileType = image.png; path = Default.png; sourceTree = "<group>"; };
		77B276F81D4C9A3C0010EF44 /* Default@2x.png */ = {isa = PBXFileReference; lastKnownFileType = image.png; path = "Default@2x.png"; sourceTree = "<group>"; };
		77B2ECFB1CDEE84700665F95 /* AccessUIserchViewController.swift */ = {isa = PBXFileReference; fileEncoding = 4; lastKnownFileType = sourcecode.swift; path = AccessUIserchViewController.swift; sourceTree = "<group>"; };
		77C50C481D16679D00A83F4D /* UITableViewSyousaiViewController.swift */ = {isa = PBXFileReference; fileEncoding = 4; lastKnownFileType = sourcecode.swift; path = UITableViewSyousaiViewController.swift; sourceTree = "<group>"; };
		77D1E3631DA2A0580081CDD9 /* mk01.jpg */ = {isa = PBXFileReference; lastKnownFileType = image.jpeg; path = mk01.jpg; sourceTree = "<group>"; };
		77D1E3641DA2A0580081CDD9 /* mk02.jpg */ = {isa = PBXFileReference; lastKnownFileType = image.jpeg; path = mk02.jpg; sourceTree = "<group>"; };
		77D1E36D1DA2A46A0081CDD9 /* KounaiMapViewController.swift */ = {isa = PBXFileReference; fileEncoding = 4; lastKnownFileType = sourcecode.swift; path = KounaiMapViewController.swift; sourceTree = "<group>"; };
		77D1E36F1DA2A7620081CDD9 /* kounaiMapPictureViewController.swift */ = {isa = PBXFileReference; fileEncoding = 4; lastKnownFileType = sourcecode.swift; path = kounaiMapPictureViewController.swift; sourceTree = "<group>"; };
		77EF7EA81CAF8E9A0071347A /* kojikenn.app */ = {isa = PBXFileReference; explicitFileType = wrapper.application; includeInIndex = 0; path = kojikenn.app; sourceTree = BUILT_PRODUCTS_DIR; };
		77EF7EAB1CAF8E9A0071347A /* AppDelegate.swift */ = {isa = PBXFileReference; lastKnownFileType = sourcecode.swift; path = AppDelegate.swift; sourceTree = "<group>"; };
		77EF7EAD1CAF8E9A0071347A /* QRCodeViewController.swift */ = {isa = PBXFileReference; lastKnownFileType = sourcecode.swift; path = QRCodeViewController.swift; sourceTree = "<group>"; };
		77EF7EB01CAF8E9A0071347A /* Base */ = {isa = PBXFileReference; lastKnownFileType = file.storyboard; name = Base; path = Base.lproj/Main.storyboard; sourceTree = "<group>"; };
		77EF7EB21CAF8E9A0071347A /* Assets.xcassets */ = {isa = PBXFileReference; lastKnownFileType = folder.assetcatalog; path = Assets.xcassets; sourceTree = "<group>"; };
		77EF7EB51CAF8E9A0071347A /* Base */ = {isa = PBXFileReference; lastKnownFileType = file.storyboard; name = Base; path = Base.lproj/LaunchScreen.storyboard; sourceTree = "<group>"; };
		77EF7EB71CAF8E9A0071347A /* Info.plist */ = {isa = PBXFileReference; lastKnownFileType = text.plist.xml; path = Info.plist; sourceTree = "<group>"; };
		77EF7EBC1CAF8E9A0071347A /* kojikennTests.xctest */ = {isa = PBXFileReference; explicitFileType = wrapper.cfbundle; includeInIndex = 0; path = kojikennTests.xctest; sourceTree = BUILT_PRODUCTS_DIR; };
		77EF7EC01CAF8E9A0071347A /* kojikennTests.swift */ = {isa = PBXFileReference; lastKnownFileType = sourcecode.swift; path = kojikennTests.swift; sourceTree = "<group>"; };
		77EF7EC21CAF8E9A0071347A /* Info.plist */ = {isa = PBXFileReference; lastKnownFileType = text.plist.xml; path = Info.plist; sourceTree = "<group>"; };
		77EF7EC71CAF8E9A0071347A /* kojikennUITests.xctest */ = {isa = PBXFileReference; explicitFileType = wrapper.cfbundle; includeInIndex = 0; path = kojikennUITests.xctest; sourceTree = BUILT_PRODUCTS_DIR; };
		77EF7ECB1CAF8E9A0071347A /* kojikennUITests.swift */ = {isa = PBXFileReference; lastKnownFileType = sourcecode.swift; path = kojikennUITests.swift; sourceTree = "<group>"; };
		77EF7ECD1CAF8E9A0071347A /* Info.plist */ = {isa = PBXFileReference; lastKnownFileType = text.plist.xml; path = Info.plist; sourceTree = "<group>"; };
		77F044DC1CDEFF2D00A8FB55 /* 交通案内.jpg */ = {isa = PBXFileReference; lastKnownFileType = image.jpeg; path = "交通案内.jpg"; sourceTree = "<group>"; };
		77FBA8831CB0E1DD000C7ABD /* 茗溪　ロゴ.jpg */ = {isa = PBXFileReference; lastKnownFileType = image.jpeg; path = "茗溪　ロゴ.jpg"; sourceTree = "<group>"; };
		77FBA8871CB0E6D9000C7ABD /* StartViewController.swift */ = {isa = PBXFileReference; fileEncoding = 4; lastKnownFileType = sourcecode.swift; path = StartViewController.swift; sourceTree = "<group>"; };
		77FBA8891CB0E837000C7ABD /* SecondViewController.swift */ = {isa = PBXFileReference; fileEncoding = 4; lastKnownFileType = sourcecode.swift; path = SecondViewController.swift; sourceTree = "<group>"; };
		77FBA88B1CB0F130000C7ABD /* OptionViewController.swift */ = {isa = PBXFileReference; fileEncoding = 4; lastKnownFileType = sourcecode.swift; path = OptionViewController.swift; sourceTree = "<group>"; };
/* End PBXFileReference section */

/* Begin PBXFrameworksBuildPhase section */
		77EF7EA51CAF8E9A0071347A /* Frameworks */ = {
			isa = PBXFrameworksBuildPhase;
			buildActionMask = 2147483647;
			files = (
			);
			runOnlyForDeploymentPostprocessing = 0;
		};
		77EF7EB91CAF8E9A0071347A /* Frameworks */ = {
			isa = PBXFrameworksBuildPhase;
			buildActionMask = 2147483647;
			files = (
			);
			runOnlyForDeploymentPostprocessing = 0;
		};
		77EF7EC41CAF8E9A0071347A /* Frameworks */ = {
			isa = PBXFrameworksBuildPhase;
			buildActionMask = 2147483647;
			files = (
			);
			runOnlyForDeploymentPostprocessing = 0;
		};
/* End PBXFrameworksBuildPhase section */

/* Begin PBXGroup section */
		7737B5B71D289DB000E36C3E /* 見学用写真 */ = {
			isa = PBXGroup;
			children = (
				7789AC431D6FFC3200CACFC5 /* 無線斑の電波塔.JPG */,
				7708CEE61D4E1F2B00B2FE94 /* 寮.JPG */,
				77845B0D1D5B2A23003C60D5 /* 校長室前廊下.JPG */,
				77845B1C1D5B2C59003C60D5 /* 相談.JPG */,
				77845B1A1D5B2C09003C60D5 /* トレーナ室.JPG */,
				77845B111D5B2A24003C60D5 /* 音楽室.JPG */,
				7708CEE81D4E1F2B00B2FE94 /* 寮門前.JPG */,
				7708CEEA1D4E1F2B00B2FE94 /* 食堂前.JPG */,
				7737B5C11D289DB000E36C3E /* 第二体育館.JPG */,
				7737B5C91D289DB000E36C3E /* 第二美術室.JPG */,
				7737B5CC1D289DB000E36C3E /* コモンスペース２.JPG */,
				7737B5CF1D289DB000E36C3E /* 高校職員室前.JPG */,
				7737B5D81D289DB000E36C3E /* 生物実験室.JPG */,
				7737B5DD1D289DB000E36C3E /* 進路資料室.JPG */,
				7737B5DE1D289DB000E36C3E /* 大教室前絵画.JPG */,
				7737B5E11D289DB000E36C3E /* 図書室.JPG */,
				7737B5ED1D289DB000E36C3E /* 101教室.JPG */,
				7737B5EE1D289DB000E36C3E /* 書道室.JPG */,
				7708CEF31D4E2DBA00B2FE94 /* コモンスペース1.JPG */,
				7737B5F71D289DB000E36C3E /* セミナー室.JPG */,
				7737B5F81D289DB000E36C3E /* 第一美術室.JPG */,
				7737B5FC1D289DB000E36C3E /* 第三美術室.JPG */,
				7737B5FD1D289DB000E36C3E /* HR教室.JPG */,
				7737B6031D289DB000E36C3E /* 第一コンピューター室.JPG */,
				7737B6061D289DB000E36C3E /* 保健室.JPG */,
				7737B6081D289DB000E36C3E /* 事務室.JPG */,
				7737B60A1D289DB000E36C3E /* 第一体育館-6.JPG */,
				7737B60C1D289DB000E36C3E /* 高校等前.JPG */,
				7737B60E1D289DB000E36C3E /* 高校棟前.JPG */,
				7737B6191D289DB000E36C3E /* 購買.JPG */,
				7737B61F1D289DB100E36C3E /* 中庭.JPG */,
				7737B6231D289DB100E36C3E /* 柔道場.JPG */,
				7737B6281D289DB100E36C3E /* 剣道場.JPG */,
				7737B6291D289DB100E36C3E /* プール.JPG */,
				7737B62E1D289DB100E36C3E /* ラグビー場.JPG */,
			);
			path = "見学用写真";
			sourceTree = "<group>";
		};
		77B276F31D4C99D30010EF44 /* Defaults */ = {
			isa = PBXGroup;
			children = (
				77B276F41D4C9A3C0010EF44 /* Default-568h@2x.png */,
				77B276F51D4C9A3C0010EF44 /* Default-667h@2x.png */,
				77B276F61D4C9A3C0010EF44 /* Default-736h@3x.png */,
				77B276F71D4C9A3C0010EF44 /* Default.png */,
				77B276F81D4C9A3C0010EF44 /* Default@2x.png */,
			);
			path = Defaults;
			sourceTree = "<group>";
		};
		77EF7E9F1CAF8E9A0071347A = {
			isa = PBXGroup;
			children = (
				77EF7EAA1CAF8E9A0071347A /* kojikenn */,
				77EF7EBF1CAF8E9A0071347A /* kojikennTests */,
				77EF7ECA1CAF8E9A0071347A /* kojikennUITests */,
				77EF7EA91CAF8E9A0071347A /* Products */,
			);
			sourceTree = "<group>";
		};
		77EF7EA91CAF8E9A0071347A /* Products */ = {
			isa = PBXGroup;
			children = (
				77EF7EA81CAF8E9A0071347A /* kojikenn.app */,
				77EF7EBC1CAF8E9A0071347A /* kojikennTests.xctest */,
				77EF7EC71CAF8E9A0071347A /* kojikennUITests.xctest */,
			);
			name = Products;
			sourceTree = "<group>";
		};
		77EF7EAA1CAF8E9A0071347A /* kojikenn */ = {
			isa = PBXGroup;
			children = (
				77B276F31D4C99D30010EF44 /* Defaults */,
				77EF7EAB1CAF8E9A0071347A /* AppDelegate.swift */,
				77EF7EAD1CAF8E9A0071347A /* QRCodeViewController.swift */,
				77FBA8871CB0E6D9000C7ABD /* StartViewController.swift */,
				77FBA8891CB0E837000C7ABD /* SecondViewController.swift */,
				77FBA88B1CB0F130000C7ABD /* OptionViewController.swift */,
				77B2ECFB1CDEE84700665F95 /* AccessUIserchViewController.swift */,
				773924871D01B28E00531DFC /* UITableViewController.swift */,
				77C50C481D16679D00A83F4D /* UITableViewSyousaiViewController.swift */,
				77475DDC1DB1D11600C51547 /* gyoujisyoukaiViewController.swift */,
				77475DDE1DB1D13800C51547 /* gyoujiSyoukaiSyousaiViewController.swift */,
				7765EF691D181A280097B835 /* BusTimeViewController.swift */,
				774D2D341D1E1F5300CB21DB /* BusTimePictureViewController.swift */,
				775BC97C1D27608F0005B14F /* koutsuuViewController.swift */,
				774E3AE01DA0D525009C164A /* GestureImageView.swift */,
				7763250B1DA271F2003C8450 /* GakuensyoikaitableView.swift */,
				77D1E36D1DA2A46A0081CDD9 /* KounaiMapViewController.swift */,
				77D1E36F1DA2A7620081CDD9 /* kounaiMapPictureViewController.swift */,
				77475DE21DB1D63400C51547 /* studySkillsViewController.swift */,
				77EF7EAF1CAF8E9A0071347A /* Main.storyboard */,
				77A45FAD1DB33C80005DC381 /* icon_043933_256.jpg */,
				77A45FAB1DB33A60005DC381 /* icon_013783_256.jpg */,
				77475DE01DB1D5BA00C51547 /* study_skills.png */,
				77D1E3631DA2A0580081CDD9 /* mk01.jpg */,
				77D1E3641DA2A0580081CDD9 /* mk02.jpg */,
				77A45FA31DB30E3A005DC381 /* 1階.jpg */,
				77A45FA41DB30E3A005DC381 /* 2階.jpg */,
				77A45FA51DB30E3A005DC381 /* 3階.jpg */,
				77A45FA91DB30E8E005DC381 /* 4階.jpg */,
				7737B5B71D289DB000E36C3E /* 見学用写真 */,
				77F044DC1CDEFF2D00A8FB55 /* 交通案内.jpg */,
				7714D2BC1D573E9F00CF348D /* icon_002751_256.jpg */,
				7714D2BA1D573DD500CF348D /* icon_027123_256.jpg */,
				7714D2B81D57385500CF348D /* スクリーンショット 2016-08-07 18.34.53.png */,
				7714D2B61D5730B000CF348D /* c7f06ee3.jpg */,
				77744B2F1CCA3EE600D4024A /* logo_meikeiのコピー.png */,
				77744B331CCA478C00D4024A /* mmd.png */,
				77FBA8831CB0E1DD000C7ABD /* 茗溪　ロゴ.jpg */,
				7737B6321D289DB100E36C3E /* ひたち野うしく.jpg */,
				7737B6331D289DB100E36C3E /* 研究学園.jpg */,
				7785B46A1D6D9B95000FD944 /* android-chrome-192x192.png */,
				7737B5B81D289DB000E36C3E /* 6方面-2.jpg */,
				7737B5B91D289DB000E36C3E /* 6方面-3.jpg */,
				7737B5BA1D289DB000E36C3E /* 6方面.jpg */,
				7789AC411D6FD2D800CACFC5 /* QRcode-第一体育館.jpg */,
				77EF7EB21CAF8E9A0071347A /* Assets.xcassets */,
				77EF7EB41CAF8E9A0071347A /* LaunchScreen.storyboard */,
				77EF7EB71CAF8E9A0071347A /* Info.plist */,
			);
			path = kojikenn;
			sourceTree = "<group>";
		};
		77EF7EBF1CAF8E9A0071347A /* kojikennTests */ = {
			isa = PBXGroup;
			children = (
				77EF7EC01CAF8E9A0071347A /* kojikennTests.swift */,
				77EF7EC21CAF8E9A0071347A /* Info.plist */,
			);
			path = kojikennTests;
			sourceTree = "<group>";
		};
		77EF7ECA1CAF8E9A0071347A /* kojikennUITests */ = {
			isa = PBXGroup;
			children = (
				77EF7ECB1CAF8E9A0071347A /* kojikennUITests.swift */,
				77EF7ECD1CAF8E9A0071347A /* Info.plist */,
			);
			path = kojikennUITests;
			sourceTree = "<group>";
		};
/* End PBXGroup section */

/* Begin PBXNativeTarget section */
		77EF7EA71CAF8E9A0071347A /* kojikenn */ = {
			isa = PBXNativeTarget;
			buildConfigurationList = 77EF7ED01CAF8E9A0071347A /* Build configuration list for PBXNativeTarget "kojikenn" */;
			buildPhases = (
				77EF7EA41CAF8E9A0071347A /* Sources */,
				77EF7EA51CAF8E9A0071347A /* Frameworks */,
				77EF7EA61CAF8E9A0071347A /* Resources */,
			);
			buildRules = (
			);
			dependencies = (
			);
			name = kojikenn;
			productName = kojikenn;
			productReference = 77EF7EA81CAF8E9A0071347A /* kojikenn.app */;
			productType = "com.apple.product-type.application";
		};
		77EF7EBB1CAF8E9A0071347A /* kojikennTests */ = {
			isa = PBXNativeTarget;
			buildConfigurationList = 77EF7ED31CAF8E9A0071347A /* Build configuration list for PBXNativeTarget "kojikennTests" */;
			buildPhases = (
				77EF7EB81CAF8E9A0071347A /* Sources */,
				77EF7EB91CAF8E9A0071347A /* Frameworks */,
				77EF7EBA1CAF8E9A0071347A /* Resources */,
			);
			buildRules = (
			);
			dependencies = (
				77EF7EBE1CAF8E9A0071347A /* PBXTargetDependency */,
			);
			name = kojikennTests;
			productName = kojikennTests;
			productReference = 77EF7EBC1CAF8E9A0071347A /* kojikennTests.xctest */;
			productType = "com.apple.product-type.bundle.unit-test";
		};
		77EF7EC61CAF8E9A0071347A /* kojikennUITests */ = {
			isa = PBXNativeTarget;
			buildConfigurationList = 77EF7ED61CAF8E9A0071347A /* Build configuration list for PBXNativeTarget "kojikennUITests" */;
			buildPhases = (
				77EF7EC31CAF8E9A0071347A /* Sources */,
				77EF7EC41CAF8E9A0071347A /* Frameworks */,
				77EF7EC51CAF8E9A0071347A /* Resources */,
			);
			buildRules = (
			);
			dependencies = (
				77EF7EC91CAF8E9A0071347A /* PBXTargetDependency */,
			);
			name = kojikennUITests;
			productName = kojikennUITests;
			productReference = 77EF7EC71CAF8E9A0071347A /* kojikennUITests.xctest */;
			productType = "com.apple.product-type.bundle.ui-testing";
		};
/* End PBXNativeTarget section */

/* Begin PBXProject section */
		77EF7EA01CAF8E9A0071347A /* Project object */ = {
			isa = PBXProject;
			attributes = {
				LastSwiftUpdateCheck = 0710;
				LastUpgradeCheck = 0710;
				ORGANIZATIONNAME = "norihiko tokoro";
				TargetAttributes = {
					77EF7EA71CAF8E9A0071347A = {
						CreatedOnToolsVersion = 7.1;
						DevelopmentTeam = 8Q46758X4P;
					};
					77EF7EBB1CAF8E9A0071347A = {
						CreatedOnToolsVersion = 7.1;
						TestTargetID = 77EF7EA71CAF8E9A0071347A;
					};
					77EF7EC61CAF8E9A0071347A = {
						CreatedOnToolsVersion = 7.1;
						TestTargetID = 77EF7EA71CAF8E9A0071347A;
					};
				};
			};
			buildConfigurationList = 77EF7EA31CAF8E9A0071347A /* Build configuration list for PBXProject "kojikenn" */;
			compatibilityVersion = "Xcode 3.2";
			developmentRegion = English;
			hasScannedForEncodings = 0;
			knownRegions = (
				en,
				Base,
			);
			mainGroup = 77EF7E9F1CAF8E9A0071347A;
			productRefGroup = 77EF7EA91CAF8E9A0071347A /* Products */;
			projectDirPath = "";
			projectRoot = "";
			targets = (
				77EF7EA71CAF8E9A0071347A /* kojikenn */,
				77EF7EBB1CAF8E9A0071347A /* kojikennTests */,
				77EF7EC61CAF8E9A0071347A /* kojikennUITests */,
			);
		};
/* End PBXProject section */

/* Begin PBXResourcesBuildPhase section */
		77EF7EA61CAF8E9A0071347A /* Resources */ = {
			isa = PBXResourcesBuildPhase;
			buildActionMask = 2147483647;
			files = (
				77A45FAA1DB30E8E005DC381 /* 4階.jpg in Resources */,
				7737B6821D289DB100E36C3E /* 保健室.JPG in Resources */,
				7737B6AE1D289DB100E36C3E /* ひたち野うしく.jpg in Resources */,
				7737B6481D289DB100E36C3E /* コモンスペース２.JPG in Resources */,
				7737B6781D289DB100E36C3E /* 第三美術室.JPG in Resources */,
				77A45FA61DB30E3A005DC381 /* 1階.jpg in Resources */,
				7737B6341D289DB100E36C3E /* 6方面-2.jpg in Resources */,
				7737B69B1D289DB100E36C3E /* 中庭.JPG in Resources */,
				7737B6AF1D289DB100E36C3E /* 研究学園.jpg in Resources */,
				77D1E36A1DA2A0580081CDD9 /* mk02.jpg in Resources */,
				7737B69F1D289DB100E36C3E /* 柔道場.JPG in Resources */,
				7737B6591D289DB100E36C3E /* 進路資料室.JPG in Resources */,
				7708CEED1D4E1F2B00B2FE94 /* 寮.JPG in Resources */,
				7714D2B91D57385500CF348D /* スクリーンショット 2016-08-07 18.34.53.png in Resources */,
				7714D2B71D5730B000CF348D /* c7f06ee3.jpg in Resources */,
				7737B6A51D289DB100E36C3E /* プール.JPG in Resources */,
				77744B341CCA478C00D4024A /* mmd.png in Resources */,
				7737B64B1D289DB100E36C3E /* 高校職員室前.JPG in Resources */,
				7737B65A1D289DB100E36C3E /* 大教室前絵画.JPG in Resources */,
				77EF7EB61CAF8E9A0071347A /* LaunchScreen.storyboard in Resources */,
				77744B301CCA3EE600D4024A /* logo_meikeiのコピー.png in Resources */,
				77EF7EB31CAF8E9A0071347A /* Assets.xcassets in Resources */,
				7737B6AA1D289DB100E36C3E /* ラグビー場.JPG in Resources */,
				7737B66A1D289DB100E36C3E /* 書道室.JPG in Resources */,
				7789AC421D6FD2D800CACFC5 /* QRcode-第一体育館.jpg in Resources */,
				77EF7EB11CAF8E9A0071347A /* Main.storyboard in Resources */,
				77A45FA71DB30E3A005DC381 /* 2階.jpg in Resources */,
				7737B65D1D289DB100E36C3E /* 図書室.JPG in Resources */,
				7737B6841D289DB100E36C3E /* 事務室.JPG in Resources */,
				7737B6351D289DB100E36C3E /* 6方面-3.jpg in Resources */,
				77845B1B1D5B2C09003C60D5 /* トレーナ室.JPG in Resources */,
				77FBA8841CB0E1DE000C7ABD /* 茗溪　ロゴ.jpg in Resources */,
				77B276FC1D4C9A3C0010EF44 /* Default.png in Resources */,
				77B276FB1D4C9A3C0010EF44 /* Default-736h@3x.png in Resources */,
				7737B6861D289DB100E36C3E /* 第一体育館-6.JPG in Resources */,
				77845B181D5B2A24003C60D5 /* 音楽室.JPG in Resources */,
				77F044DD1CDEFF2D00A8FB55 /* 交通案内.jpg in Resources */,
				7737B6A41D289DB100E36C3E /* 剣道場.JPG in Resources */,
				7737B68A1D289DB100E36C3E /* 高校棟前.JPG in Resources */,
				7708CEEF1D4E1F2B00B2FE94 /* 寮門前.JPG in Resources */,
				7714D2BB1D573DD500CF348D /* icon_027123_256.jpg in Resources */,
				7785B46B1D6D9B95000FD944 /* android-chrome-192x192.png in Resources */,
				7737B6881D289DB100E36C3E /* 高校等前.JPG in Resources */,
				77845B1D1D5B2C59003C60D5 /* 相談.JPG in Resources */,
				7714D2BD1D573E9F00CF348D /* icon_002751_256.jpg in Resources */,
				77B276F91D4C9A3C0010EF44 /* Default-568h@2x.png in Resources */,
				7737B6791D289DB100E36C3E /* HR教室.JPG in Resources */,
				7737B6731D289DB100E36C3E /* セミナー室.JPG in Resources */,
				7708CEF11D4E1F2B00B2FE94 /* 食堂前.JPG in Resources */,
				77A45FAE1DB33C80005DC381 /* icon_043933_256.jpg in Resources */,
				77475DE11DB1D5BA00C51547 /* study_skills.png in Resources */,
				7737B6951D289DB100E36C3E /* 購買.JPG in Resources */,
				7737B6361D289DB100E36C3E /* 6方面.jpg in Resources */,
				77A45FAC1DB33A60005DC381 /* icon_013783_256.jpg in Resources */,
				7737B63D1D289DB100E36C3E /* 第二体育館.JPG in Resources */,
				7737B6691D289DB100E36C3E /* 101教室.JPG in Resources */,
				7737B6451D289DB100E36C3E /* 第二美術室.JPG in Resources */,
				77A45FA81DB30E3A005DC381 /* 3階.jpg in Resources */,
				7737B67F1D289DB100E36C3E /* 第一コンピューター室.JPG in Resources */,
				7789AC441D6FFC3200CACFC5 /* 無線斑の電波塔.JPG in Resources */,
				77B276FA1D4C9A3C0010EF44 /* Default-667h@2x.png in Resources */,
				7737B6741D289DB100E36C3E /* 第一美術室.JPG in Resources */,
				7708CEF41D4E2DBA00B2FE94 /* コモンスペース1.JPG in Resources */,
				77845B141D5B2A24003C60D5 /* 校長室前廊下.JPG in Resources */,
				77D1E3691DA2A0580081CDD9 /* mk01.jpg in Resources */,
				77B276FD1D4C9A3C0010EF44 /* Default@2x.png in Resources */,
				7737B6541D289DB100E36C3E /* 生物実験室.JPG in Resources */,
			);
			runOnlyForDeploymentPostprocessing = 0;
		};
		77EF7EBA1CAF8E9A0071347A /* Resources */ = {
			isa = PBXResourcesBuildPhase;
			buildActionMask = 2147483647;
			files = (
			);
			runOnlyForDeploymentPostprocessing = 0;
		};
		77EF7EC51CAF8E9A0071347A /* Resources */ = {
			isa = PBXResourcesBuildPhase;
			buildActionMask = 2147483647;
			files = (
			);
			runOnlyForDeploymentPostprocessing = 0;
		};
/* End PBXResourcesBuildPhase section */

/* Begin PBXSourcesBuildPhase section */
		77EF7EA41CAF8E9A0071347A /* Sources */ = {
			isa = PBXSourcesBuildPhase;
			buildActionMask = 2147483647;
			files = (
				773924881D01B28E00531DFC /* UITableViewController.swift in Sources */,
				77FBA88A1CB0E837000C7ABD /* SecondViewController.swift in Sources */,
				775BC97D1D27608F0005B14F /* koutsuuViewController.swift in Sources */,
				77FBA88C1CB0F130000C7ABD /* OptionViewController.swift in Sources */,
				77D1E36E1DA2A46A0081CDD9 /* KounaiMapViewController.swift in Sources */,
				77475DDD1DB1D11600C51547 /* gyoujisyoukaiViewController.swift in Sources */,
				77475DE31DB1D63400C51547 /* studySkillsViewController.swift in Sources */,
				774D2D351D1E1F5300CB21DB /* BusTimePictureViewController.swift in Sources */,
				77475DDF1DB1D13800C51547 /* gyoujiSyoukaiSyousaiViewController.swift in Sources */,
				77EF7EAE1CAF8E9A0071347A /* QRCodeViewController.swift in Sources */,
				7763250C1DA271F2003C8450 /* GakuensyoikaitableView.swift in Sources */,
				77EF7EAC1CAF8E9A0071347A /* AppDelegate.swift in Sources */,
				77B2ECFC1CDEE84700665F95 /* AccessUIserchViewController.swift in Sources */,
				7765EF6A1D181A280097B835 /* BusTimeViewController.swift in Sources */,
				77C50C491D16679D00A83F4D /* UITableViewSyousaiViewController.swift in Sources */,
				774E3AE11DA0D525009C164A /* GestureImageView.swift in Sources */,
				77D1E3701DA2A7620081CDD9 /* kounaiMapPictureViewController.swift in Sources */,
				77FBA8881CB0E6D9000C7ABD /* StartViewController.swift in Sources */,
			);
			runOnlyForDeploymentPostprocessing = 0;
		};
		77EF7EB81CAF8E9A0071347A /* Sources */ = {
			isa = PBXSourcesBuildPhase;
			buildActionMask = 2147483647;
			files = (
				77EF7EC11CAF8E9A0071347A /* kojikennTests.swift in Sources */,
			);
			runOnlyForDeploymentPostprocessing = 0;
		};
		77EF7EC31CAF8E9A0071347A /* Sources */ = {
			isa = PBXSourcesBuildPhase;
			buildActionMask = 2147483647;
			files = (
				77EF7ECC1CAF8E9A0071347A /* kojikennUITests.swift in Sources */,
			);
			runOnlyForDeploymentPostprocessing = 0;
		};
/* End PBXSourcesBuildPhase section */

/* Begin PBXTargetDependency section */
		77EF7EBE1CAF8E9A0071347A /* PBXTargetDependency */ = {
			isa = PBXTargetDependency;
			target = 77EF7EA71CAF8E9A0071347A /* kojikenn */;
			targetProxy = 77EF7EBD1CAF8E9A0071347A /* PBXContainerItemProxy */;
		};
		77EF7EC91CAF8E9A0071347A /* PBXTargetDependency */ = {
			isa = PBXTargetDependency;
			target = 77EF7EA71CAF8E9A0071347A /* kojikenn */;
			targetProxy = 77EF7EC81CAF8E9A0071347A /* PBXContainerItemProxy */;
		};
/* End PBXTargetDependency section */

/* Begin PBXVariantGroup section */
		77EF7EAF1CAF8E9A0071347A /* Main.storyboard */ = {
			isa = PBXVariantGroup;
			children = (
				77EF7EB01CAF8E9A0071347A /* Base */,
			);
			name = Main.storyboard;
			sourceTree = "<group>";
		};
		77EF7EB41CAF8E9A0071347A /* LaunchScreen.storyboard */ = {
			isa = PBXVariantGroup;
			children = (
				77EF7EB51CAF8E9A0071347A /* Base */,
			);
			name = LaunchScreen.storyboard;
			sourceTree = "<group>";
		};
/* End PBXVariantGroup section */

/* Begin XCBuildConfiguration section */
		77EF7ECE1CAF8E9A0071347A /* Debug */ = {
			isa = XCBuildConfiguration;
			buildSettings = {
				ALWAYS_SEARCH_USER_PATHS = NO;
				CLANG_CXX_LANGUAGE_STANDARD = "gnu++0x";
				CLANG_CXX_LIBRARY = "libc++";
				CLANG_ENABLE_MODULES = YES;
				CLANG_ENABLE_OBJC_ARC = YES;
				CLANG_WARN_BOOL_CONVERSION = YES;
				CLANG_WARN_CONSTANT_CONVERSION = YES;
				CLANG_WARN_DIRECT_OBJC_ISA_USAGE = YES_ERROR;
				CLANG_WARN_EMPTY_BODY = YES;
				CLANG_WARN_ENUM_CONVERSION = YES;
				CLANG_WARN_INT_CONVERSION = YES;
				CLANG_WARN_OBJC_ROOT_CLASS = YES_ERROR;
				CLANG_WARN_UNREACHABLE_CODE = YES;
				CLANG_WARN__DUPLICATE_METHOD_MATCH = YES;
				"CODE_SIGN_IDENTITY[sdk=iphoneos*]" = "iPhone Developer";
				COPY_PHASE_STRIP = NO;
				DEBUG_INFORMATION_FORMAT = dwarf;
				ENABLE_STRICT_OBJC_MSGSEND = YES;
				ENABLE_TESTABILITY = YES;
				GCC_C_LANGUAGE_STANDARD = gnu99;
				GCC_DYNAMIC_NO_PIC = NO;
				GCC_NO_COMMON_BLOCKS = YES;
				GCC_OPTIMIZATION_LEVEL = 0;
				GCC_PREPROCESSOR_DEFINITIONS = (
					"DEBUG=1",
					"$(inherited)",
				);
				GCC_WARN_64_TO_32_BIT_CONVERSION = YES;
				GCC_WARN_ABOUT_RETURN_TYPE = YES_ERROR;
				GCC_WARN_UNDECLARED_SELECTOR = YES;
				GCC_WARN_UNINITIALIZED_AUTOS = YES_AGGRESSIVE;
				GCC_WARN_UNUSED_FUNCTION = YES;
				GCC_WARN_UNUSED_VARIABLE = YES;
				IPHONEOS_DEPLOYMENT_TARGET = 9.1;
				MTL_ENABLE_DEBUG_INFO = YES;
				ONLY_ACTIVE_ARCH = YES;
				SDKROOT = iphoneos;
				SWIFT_OPTIMIZATION_LEVEL = "-Onone";
			};
			name = Debug;
		};
		77EF7ECF1CAF8E9A0071347A /* Release */ = {
			isa = XCBuildConfiguration;
			buildSettings = {
				ALWAYS_SEARCH_USER_PATHS = NO;
				CLANG_CXX_LANGUAGE_STANDARD = "gnu++0x";
				CLANG_CXX_LIBRARY = "libc++";
				CLANG_ENABLE_MODULES = YES;
				CLANG_ENABLE_OBJC_ARC = YES;
				CLANG_WARN_BOOL_CONVERSION = YES;
				CLANG_WARN_CONSTANT_CONVERSION = YES;
				CLANG_WARN_DIRECT_OBJC_ISA_USAGE = YES_ERROR;
				CLANG_WARN_EMPTY_BODY = YES;
				CLANG_WARN_ENUM_CONVERSION = YES;
				CLANG_WARN_INT_CONVERSION = YES;
				CLANG_WARN_OBJC_ROOT_CLASS = YES_ERROR;
				CLANG_WARN_UNREACHABLE_CODE = YES;
				CLANG_WARN__DUPLICATE_METHOD_MATCH = YES;
				"CODE_SIGN_IDENTITY[sdk=iphoneos*]" = "iPhone Developer";
				COPY_PHASE_STRIP = NO;
				DEBUG_INFORMATION_FORMAT = "dwarf-with-dsym";
				ENABLE_NS_ASSERTIONS = NO;
				ENABLE_STRICT_OBJC_MSGSEND = YES;
				GCC_C_LANGUAGE_STANDARD = gnu99;
				GCC_NO_COMMON_BLOCKS = YES;
				GCC_WARN_64_TO_32_BIT_CONVERSION = YES;
				GCC_WARN_ABOUT_RETURN_TYPE = YES_ERROR;
				GCC_WARN_UNDECLARED_SELECTOR = YES;
				GCC_WARN_UNINITIALIZED_AUTOS = YES_AGGRESSIVE;
				GCC_WARN_UNUSED_FUNCTION = YES;
				GCC_WARN_UNUSED_VARIABLE = YES;
				IPHONEOS_DEPLOYMENT_TARGET = 9.1;
				MTL_ENABLE_DEBUG_INFO = NO;
				SDKROOT = iphoneos;
				VALIDATE_PRODUCT = YES;
			};
			name = Release;
		};
		77EF7ED11CAF8E9A0071347A /* Debug */ = {
			isa = XCBuildConfiguration;
			buildSettings = {
				ASSETCATALOG_COMPILER_APPICON_NAME = AppIcon;
				CODE_SIGN_IDENTITY = "iPhone Developer";
				INFOPLIST_FILE = kojikenn/Info.plist;
				IPHONEOS_DEPLOYMENT_TARGET = 9.1;
				LD_RUNPATH_SEARCH_PATHS = "$(inherited) @executable_path/Frameworks";
				PRODUCT_BUNDLE_IDENTIFIER = "life-is-tech.kojikenn";
				PRODUCT_NAME = "$(TARGET_NAME)";
				PROVISIONING_PROFILE = "425ba4a0-11e2-4750-a8ff-4e25b5296124";
				TARGETED_DEVICE_FAMILY = 1;
			};
			name = Debug;
		};
		77EF7ED21CAF8E9A0071347A /* Release */ = {
			isa = XCBuildConfiguration;
			buildSettings = {
				ASSETCATALOG_COMPILER_APPICON_NAME = AppIcon;
				CODE_SIGN_IDENTITY = "iPhone Developer";
				INFOPLIST_FILE = kojikenn/Info.plist;
				IPHONEOS_DEPLOYMENT_TARGET = 9.1;
				LD_RUNPATH_SEARCH_PATHS = "$(inherited) @executable_path/Frameworks";
				PRODUCT_BUNDLE_IDENTIFIER = "life-is-tech.kojikenn";
				PRODUCT_NAME = "$(TARGET_NAME)";
				PROVISIONING_PROFILE = "425ba4a0-11e2-4750-a8ff-4e25b5296124";
				TARGETED_DEVICE_FAMILY = 1;
			};
			name = Release;
		};
		77EF7ED41CAF8E9A0071347A /* Debug */ = {
			isa = XCBuildConfiguration;
			buildSettings = {
				BUNDLE_LOADER = "$(TEST_HOST)";
				INFOPLIST_FILE = kojikennTests/Info.plist;
				LD_RUNPATH_SEARCH_PATHS = "$(inherited) @executable_path/Frameworks @loader_path/Frameworks";
				PRODUCT_BUNDLE_IDENTIFIER = "life-is-tech.kojikennTests";
				PRODUCT_NAME = "$(TARGET_NAME)";
				TEST_HOST = "$(BUILT_PRODUCTS_DIR)/kojikenn.app/kojikenn";
			};
			name = Debug;
		};
		77EF7ED51CAF8E9A0071347A /* Release */ = {
			isa = XCBuildConfiguration;
			buildSettings = {
				BUNDLE_LOADER = "$(TEST_HOST)";
				INFOPLIST_FILE = kojikennTests/Info.plist;
				LD_RUNPATH_SEARCH_PATHS = "$(inherited) @executable_path/Frameworks @loader_path/Frameworks";
				PRODUCT_BUNDLE_IDENTIFIER = "life-is-tech.kojikennTests";
				PRODUCT_NAME = "$(TARGET_NAME)";
				TEST_HOST = "$(BUILT_PRODUCTS_DIR)/kojikenn.app/kojikenn";
			};
			name = Release;
		};
		77EF7ED71CAF8E9A0071347A /* Debug */ = {
			isa = XCBuildConfiguration;
			buildSettings = {
				INFOPLIST_FILE = kojikennUITests/Info.plist;
				LD_RUNPATH_SEARCH_PATHS = "$(inherited) @executable_path/Frameworks @loader_path/Frameworks";
				PRODUCT_BUNDLE_IDENTIFIER = "life-is-tech.kojikennUITests";
				PRODUCT_NAME = "$(TARGET_NAME)";
				TEST_TARGET_NAME = kojikenn;
				USES_XCTRUNNER = YES;
			};
			name = Debug;
		};
		77EF7ED81CAF8E9A0071347A /* Release */ = {
			isa = XCBuildConfiguration;
			buildSettings = {
				INFOPLIST_FILE = kojikennUITests/Info.plist;
				LD_RUNPATH_SEARCH_PATHS = "$(inherited) @executable_path/Frameworks @loader_path/Frameworks";
				PRODUCT_BUNDLE_IDENTIFIER = "life-is-tech.kojikennUITests";
				PRODUCT_NAME = "$(TARGET_NAME)";
				TEST_TARGET_NAME = kojikenn;
				USES_XCTRUNNER = YES;
			};
			name = Release;
		};
/* End XCBuildConfiguration section */

/* Begin XCConfigurationList section */
		77EF7EA31CAF8E9A0071347A /* Build configuration list for PBXProject "kojikenn" */ = {
			isa = XCConfigurationList;
			buildConfigurations = (
				77EF7ECE1CAF8E9A0071347A /* Debug */,
				77EF7ECF1CAF8E9A0071347A /* Release */,
			);
			defaultConfigurationIsVisible = 0;
			defaultConfigurationName = Release;
		};
		77EF7ED01CAF8E9A0071347A /* Build configuration list for PBXNativeTarget "kojikenn" */ = {
			isa = XCConfigurationList;
			buildConfigurations = (
				77EF7ED11CAF8E9A0071347A /* Debug */,
				77EF7ED21CAF8E9A0071347A /* Release */,
			);
			defaultConfigurationIsVisible = 0;
			defaultConfigurationName = Release;
		};
		77EF7ED31CAF8E9A0071347A /* Build configuration list for PBXNativeTarget "kojikennTests" */ = {
			isa = XCConfigurationList;
			buildConfigurations = (
				77EF7ED41CAF8E9A0071347A /* Debug */,
				77EF7ED51CAF8E9A0071347A /* Release */,
			);
			defaultConfigurationIsVisible = 0;
			defaultConfigurationName = Release;
		};
		77EF7ED61CAF8E9A0071347A /* Build configuration list for PBXNativeTarget "kojikennUITests" */ = {
			isa = XCConfigurationList;
			buildConfigurations = (
				77EF7ED71CAF8E9A0071347A /* Debug */,
				77EF7ED81CAF8E9A0071347A /* Release */,
			);
			defaultConfigurationIsVisible = 0;
			defaultConfigurationName = Release;
		};
/* End XCConfigurationList section */
	};
	rootObject = 77EF7EA01CAF8E9A0071347A /* Project object */;
}
